// !$*UTF8*$!
{
	archiveVersion = 1;
	classes = {
	};
	objectVersion = 51;
	objects = {

/* Begin PBXBuildFile section */
		0F9FBF45CA44B453AE5CCC2E /* Pods_BaseProject_BaseProjectUITests.framework in Frameworks */ = {isa = PBXBuildFile; fileRef = 53CD286B1DDD2DEF0D0FA7DC /* Pods_BaseProject_BaseProjectUITests.framework */; };
		1845DF702351B01C0069AA1D /* ViewController.m in Sources */ = {isa = PBXBuildFile; fileRef = 1845DF6F2351B01C0069AA1D /* ViewController.m */; };
		1845DF852351B01E0069AA1D /* BaseProjectTests.m in Sources */ = {isa = PBXBuildFile; fileRef = 1845DF842351B01E0069AA1D /* BaseProjectTests.m */; };
		1845DF902351B01E0069AA1D /* BaseProjectUITests.m in Sources */ = {isa = PBXBuildFile; fileRef = 1845DF8F2351B01E0069AA1D /* BaseProjectUITests.m */; };
		18EB73DA2354116500E16766 /* SceneDelegate.m in Sources */ = {isa = PBXBuildFile; fileRef = 18EB73D62354116500E16766 /* SceneDelegate.m */; };
		18EB73DB2354116500E16766 /* main.m in Sources */ = {isa = PBXBuildFile; fileRef = 18EB73D72354116500E16766 /* main.m */; };
		18EB73DC2354116500E16766 /* AppDelegate.m in Sources */ = {isa = PBXBuildFile; fileRef = 18EB73D82354116500E16766 /* AppDelegate.m */; };
		18EB73E42354119300E16766 /* Assets.xcassets in Resources */ = {isa = PBXBuildFile; fileRef = 18EB73DE2354119300E16766 /* Assets.xcassets */; };
		18EB73E52354119300E16766 /* LaunchScreen.storyboard in Resources */ = {isa = PBXBuildFile; fileRef = 18EB73DF2354119300E16766 /* LaunchScreen.storyboard */; };
		18EB73E62354119300E16766 /* Main.storyboard in Resources */ = {isa = PBXBuildFile; fileRef = 18EB73E12354119300E16766 /* Main.storyboard */; };
		18EB73EB235414D000E16766 /* Config.m in Sources */ = {isa = PBXBuildFile; fileRef = 18EB73EA235414D000E16766 /* Config.m */; };
		18EB73FE23541B4700E16766 /* QSThreadSafeMutableDictionary.m in Sources */ = {isa = PBXBuildFile; fileRef = 18EB73F823541B4700E16766 /* QSThreadSafeMutableDictionary.m */; };
		18EB73FF23541B4700E16766 /* QSThreadSafeCounter.m in Sources */ = {isa = PBXBuildFile; fileRef = 18EB73FA23541B4700E16766 /* QSThreadSafeCounter.m */; };
		18EB740023541B4700E16766 /* QSThreadSafeMutableArray.m in Sources */ = {isa = PBXBuildFile; fileRef = 18EB73FC23541B4700E16766 /* QSThreadSafeMutableArray.m */; };
		18EB740523541B8F00E16766 /* Reachability.m in Sources */ = {isa = PBXBuildFile; fileRef = 18EB740323541B8F00E16766 /* Reachability.m */; };
		18EB740623541B8F00E16766 /* CheckInput.m in Sources */ = {isa = PBXBuildFile; fileRef = 18EB740423541B8F00E16766 /* CheckInput.m */; };
		18EB7411235423C600E16766 /* NSString+Date.m in Sources */ = {isa = PBXBuildFile; fileRef = 18EB740F235423C600E16766 /* NSString+Date.m */; };
		18EB7412235423C600E16766 /* NSString+Handle.m in Sources */ = {isa = PBXBuildFile; fileRef = 18EB7410235423C600E16766 /* NSString+Handle.m */; };
		18EB74152354241F00E16766 /* NSString+Size.m in Sources */ = {isa = PBXBuildFile; fileRef = 18EB74142354241F00E16766 /* NSString+Size.m */; };
		18EB74182354287700E16766 /* NSString+Number.m in Sources */ = {isa = PBXBuildFile; fileRef = 18EB74172354287700E16766 /* NSString+Number.m */; };
		18EB741B2354511E00E16766 /* NSDate+Utils.m in Sources */ = {isa = PBXBuildFile; fileRef = 18EB74192354511D00E16766 /* NSDate+Utils.m */; };
		18EB74212354514B00E16766 /* NSMutableAttributedString+Utils.m in Sources */ = {isa = PBXBuildFile; fileRef = 18EB741F2354514B00E16766 /* NSMutableAttributedString+Utils.m */; };
		18EB74242354539600E16766 /* NSDictionary+Accessors.m in Sources */ = {isa = PBXBuildFile; fileRef = 18EB74222354539500E16766 /* NSDictionary+Accessors.m */; };
		18EB7427235453D000E16766 /* NSObject+Util.m in Sources */ = {isa = PBXBuildFile; fileRef = 18EB7426235453D000E16766 /* NSObject+Util.m */; };
		18EB742A235455E900E16766 /* UIViewController+Utils.m in Sources */ = {isa = PBXBuildFile; fileRef = 18EB7429235455E800E16766 /* UIViewController+Utils.m */; };
		18EB742D23545AC500E16766 /* UIView+Utils.m in Sources */ = {isa = PBXBuildFile; fileRef = 18EB742C23545AC500E16766 /* UIView+Utils.m */; };
		18EB743023545B0100E16766 /* UIScrollView+Refresh.m in Sources */ = {isa = PBXBuildFile; fileRef = 18EB742E23545B0100E16766 /* UIScrollView+Refresh.m */; };
		18EB743323545F7F00E16766 /* UIButton+Utils.m in Sources */ = {isa = PBXBuildFile; fileRef = 18EB743223545F7F00E16766 /* UIButton+Utils.m */; };
		18EB743C2354604800E16766 /* UITableView+Utils.m in Sources */ = {isa = PBXBuildFile; fileRef = 18EB74342354604700E16766 /* UITableView+Utils.m */; };
		18EB743D2354604800E16766 /* UITableViewCell+UI.m in Sources */ = {isa = PBXBuildFile; fileRef = 18EB74352354604700E16766 /* UITableViewCell+UI.m */; };
		18EB743E2354604800E16766 /* UIStackView+Utils.m in Sources */ = {isa = PBXBuildFile; fileRef = 18EB74382354604800E16766 /* UIStackView+Utils.m */; };
		18EB743F2354604800E16766 /* UICollectionView+Utils.m in Sources */ = {isa = PBXBuildFile; fileRef = 18EB743A2354604800E16766 /* UICollectionView+Utils.m */; };
		18EB74422354607500E16766 /* UITextField+Utils.m in Sources */ = {isa = PBXBuildFile; fileRef = 18EB74412354607400E16766 /* UITextField+Utils.m */; };
		18EB7449235460E200E16766 /* GCDTimerManager.m in Sources */ = {isa = PBXBuildFile; fileRef = 18EB7448235460E200E16766 /* GCDTimerManager.m */; };
		18EB744E235460E900E16766 /* NSString+IP.m in Sources */ = {isa = PBXBuildFile; fileRef = 18EB744D235460E900E16766 /* NSString+IP.m */; };
		18EB75542354621D00E16766 /* LocationManager.m in Sources */ = {isa = PBXBuildFile; fileRef = 18EB748A2354621C00E16766 /* LocationManager.m */; };
		18EB75562354621D00E16766 /* PublicFunction.m in Sources */ = {isa = PBXBuildFile; fileRef = 18EB748E2354621C00E16766 /* PublicFunction.m */; };
		18EB75572354621D00E16766 /* AudioManager.m in Sources */ = {isa = PBXBuildFile; fileRef = 18EB74922354621C00E16766 /* AudioManager.m */; };
		18EB75742354621D00E16766 /* AuthorizationTool.m in Sources */ = {isa = PBXBuildFile; fileRef = 18EB74DC2354621C00E16766 /* AuthorizationTool.m */; };
		18EB75752354621D00E16766 /* DeviceAuthorizationHelper.m in Sources */ = {isa = PBXBuildFile; fileRef = 18EB74DE2354621C00E16766 /* DeviceAuthorizationHelper.m */; };
		18EB757A2354621D00E16766 /* BaseViewController.m in Sources */ = {isa = PBXBuildFile; fileRef = 18EB74EF2354621C00E16766 /* BaseViewController.m */; };
		18EB757B2354621D00E16766 /* ConfirmAlertController.m in Sources */ = {isa = PBXBuildFile; fileRef = 18EB74F02354621C00E16766 /* ConfirmAlertController.m */; };
		18EB757C2354621D00E16766 /* WebViewController.m in Sources */ = {isa = PBXBuildFile; fileRef = 18EB74F12354621C00E16766 /* WebViewController.m */; };
		18EB757D2354621D00E16766 /* WKWebView+Utils.m in Sources */ = {isa = PBXBuildFile; fileRef = 18EB74F22354621C00E16766 /* WKWebView+Utils.m */; };
		18EB757E2354621D00E16766 /* ViewControllerJumpManager.m in Sources */ = {isa = PBXBuildFile; fileRef = 18EB74F32354621C00E16766 /* ViewControllerJumpManager.m */; };
		18EB75802354621D00E16766 /* BaseYYModel.m in Sources */ = {isa = PBXBuildFile; fileRef = 18EB74F92354621C00E16766 /* BaseYYModel.m */; };
		18EB75852354621D00E16766 /* BaseTableView.m in Sources */ = {isa = PBXBuildFile; fileRef = 18EB75042354621C00E16766 /* BaseTableView.m */; };
		18EB75882354621D00E16766 /* BaseCollectionView.m in Sources */ = {isa = PBXBuildFile; fileRef = 18EB750F2354621C00E16766 /* BaseCollectionView.m */; };
		18EB75892354621D00E16766 /* BaseCollectionViewFlowLayout.m in Sources */ = {isa = PBXBuildFile; fileRef = 18EB75102354621C00E16766 /* BaseCollectionViewFlowLayout.m */; };
		18EB758C2354621D00E16766 /* BasePopView.m in Sources */ = {isa = PBXBuildFile; fileRef = 18EB75182354621C00E16766 /* BasePopView.m */; };
		18EB758E2354621D00E16766 /* XAlertView.m in Sources */ = {isa = PBXBuildFile; fileRef = 18EB751B2354621C00E16766 /* XAlertView.m */; };
		18EB75902354621D00E16766 /* BaseTextView.m in Sources */ = {isa = PBXBuildFile; fileRef = 18EB75232354621C00E16766 /* BaseTextView.m */; };
		18EB75912354621D00E16766 /* BaseTextField.m in Sources */ = {isa = PBXBuildFile; fileRef = 18EB75242354621C00E16766 /* BaseTextField.m */; };
		18EB75942354621D00E16766 /* CountDownButton.m in Sources */ = {isa = PBXBuildFile; fileRef = 18EB752A2354621C00E16766 /* CountDownButton.m */; };
		18EB75952354621D00E16766 /* BaseButton.m in Sources */ = {isa = PBXBuildFile; fileRef = 18EB752C2354621C00E16766 /* BaseButton.m */; };
		18EB75962354621D00E16766 /* RoundEndPointButton.m in Sources */ = {isa = PBXBuildFile; fileRef = 18EB752D2354621C00E16766 /* RoundEndPointButton.m */; };
		18EB75972354621D00E16766 /* BaseScrollView.m in Sources */ = {isa = PBXBuildFile; fileRef = 18EB752F2354621C00E16766 /* BaseScrollView.m */; };
		18EB75992354621D00E16766 /* DashLineView.m in Sources */ = {isa = PBXBuildFile; fileRef = 18EB75322354621C00E16766 /* DashLineView.m */; };
		18EB759A2354621D00E16766 /* UIImage+GIFImage.m in Sources */ = {isa = PBXBuildFile; fileRef = 18EB75372354621C00E16766 /* UIImage+GIFImage.m */; };
		18EB759B2354621D00E16766 /* HUD.m in Sources */ = {isa = PBXBuildFile; fileRef = 18EB753A2354621C00E16766 /* HUD.m */; };
		18EB759E2354663500E16766 /* UITextField+Restrict.m in Sources */ = {isa = PBXBuildFile; fileRef = 18EB759D2354663500E16766 /* UITextField+Restrict.m */; };
		18EB75A12354665D00E16766 /* TextRestrict.m in Sources */ = {isa = PBXBuildFile; fileRef = 18EB759F2354665D00E16766 /* TextRestrict.m */; };
		18EB75A423546CAF00E16766 /* NoDataCustomeView.m in Sources */ = {isa = PBXBuildFile; fileRef = 18EB75A223546CAF00E16766 /* NoDataCustomeView.m */; };
		18EB75A723546CD600E16766 /* NoDataView.m in Sources */ = {isa = PBXBuildFile; fileRef = 18EB75A623546CD600E16766 /* NoDataView.m */; };
		18EB75F623546F4B00E16766 /* DataInterface.m in Sources */ = {isa = PBXBuildFile; fileRef = 18EB75D323546F4B00E16766 /* DataInterface.m */; };
		18EB75F723546F4B00E16766 /* HttpSessionManager.m in Sources */ = {isa = PBXBuildFile; fileRef = 18EB75D923546F4B00E16766 /* HttpSessionManager.m */; };
		18EB75F823546F4B00E16766 /* DataService+DataServiceInternal.m in Sources */ = {isa = PBXBuildFile; fileRef = 18EB75DA23546F4B00E16766 /* DataService+DataServiceInternal.m */; };
		18EB75F923546F4B00E16766 /* LoginInfo.m in Sources */ = {isa = PBXBuildFile; fileRef = 18EB75DC23546F4B00E16766 /* LoginInfo.m */; };
		18EB75FA23546F4B00E16766 /* DataServiceResponseModel.m in Sources */ = {isa = PBXBuildFile; fileRef = 18EB75E023546F4B00E16766 /* DataServiceResponseModel.m */; };
		18EB75FB23546F4B00E16766 /* DataServiceCompletionModel.m in Sources */ = {isa = PBXBuildFile; fileRef = 18EB75E123546F4B00E16766 /* DataServiceCompletionModel.m */; };
		18EB75FC23546F4B00E16766 /* DataService.m in Sources */ = {isa = PBXBuildFile; fileRef = 18EB75E223546F4B00E16766 /* DataService.m */; };
		18EB75FF2354710300E16766 /* User.m in Sources */ = {isa = PBXBuildFile; fileRef = 18EB75FE2354710300E16766 /* User.m */; };
		2FC09BFAA1D1B9C675CF3196 /* Pods_BaseProjectTests.framework in Frameworks */ = {isa = PBXBuildFile; fileRef = 2E384E94C4DF039DE20D80FE /* Pods_BaseProjectTests.framework */; };
		F7A18673B8349758442E2D45 /* Pods_BaseProject.framework in Frameworks */ = {isa = PBXBuildFile; fileRef = 9D652B78D8C1878E17971A75 /* Pods_BaseProject.framework */; };
/* End PBXBuildFile section */

/* Begin PBXContainerItemProxy section */
		1845DF812351B01E0069AA1D /* PBXContainerItemProxy */ = {
			isa = PBXContainerItemProxy;
			containerPortal = 1845DF5D2351B01C0069AA1D /* Project object */;
			proxyType = 1;
			remoteGlobalIDString = 1845DF642351B01C0069AA1D;
			remoteInfo = BaseProject;
		};
		1845DF8C2351B01E0069AA1D /* PBXContainerItemProxy */ = {
			isa = PBXContainerItemProxy;
			containerPortal = 1845DF5D2351B01C0069AA1D /* Project object */;
			proxyType = 1;
			remoteGlobalIDString = 1845DF642351B01C0069AA1D;
			remoteInfo = BaseProject;
		};
/* End PBXContainerItemProxy section */

/* Begin PBXFileReference section */
		1845DF652351B01C0069AA1D /* BaseProject.app */ = {isa = PBXFileReference; explicitFileType = wrapper.application; includeInIndex = 0; path = BaseProject.app; sourceTree = BUILT_PRODUCTS_DIR; };
		1845DF6E2351B01C0069AA1D /* ViewController.h */ = {isa = PBXFileReference; lastKnownFileType = sourcecode.c.h; path = ViewController.h; sourceTree = "<group>"; };
		1845DF6F2351B01C0069AA1D /* ViewController.m */ = {isa = PBXFileReference; lastKnownFileType = sourcecode.c.objc; path = ViewController.m; sourceTree = "<group>"; };
		1845DF802351B01E0069AA1D /* BaseProjectTests.xctest */ = {isa = PBXFileReference; explicitFileType = wrapper.cfbundle; includeInIndex = 0; path = BaseProjectTests.xctest; sourceTree = BUILT_PRODUCTS_DIR; };
		1845DF842351B01E0069AA1D /* BaseProjectTests.m */ = {isa = PBXFileReference; lastKnownFileType = sourcecode.c.objc; path = BaseProjectTests.m; sourceTree = "<group>"; };
		1845DF862351B01E0069AA1D /* Info.plist */ = {isa = PBXFileReference; lastKnownFileType = text.plist.xml; path = Info.plist; sourceTree = "<group>"; };
		1845DF8B2351B01E0069AA1D /* BaseProjectUITests.xctest */ = {isa = PBXFileReference; explicitFileType = wrapper.cfbundle; includeInIndex = 0; path = BaseProjectUITests.xctest; sourceTree = BUILT_PRODUCTS_DIR; };
		1845DF8F2351B01E0069AA1D /* BaseProjectUITests.m */ = {isa = PBXFileReference; lastKnownFileType = sourcecode.c.objc; path = BaseProjectUITests.m; sourceTree = "<group>"; };
		1845DF912351B01E0069AA1D /* Info.plist */ = {isa = PBXFileReference; lastKnownFileType = text.plist.xml; path = Info.plist; sourceTree = "<group>"; };
		18EB73D52354116500E16766 /* AppDelegate.h */ = {isa = PBXFileReference; fileEncoding = 4; lastKnownFileType = sourcecode.c.h; path = AppDelegate.h; sourceTree = "<group>"; };
		18EB73D62354116500E16766 /* SceneDelegate.m */ = {isa = PBXFileReference; fileEncoding = 4; lastKnownFileType = sourcecode.c.objc; path = SceneDelegate.m; sourceTree = "<group>"; };
		18EB73D72354116500E16766 /* main.m */ = {isa = PBXFileReference; fileEncoding = 4; lastKnownFileType = sourcecode.c.objc; path = main.m; sourceTree = "<group>"; };
		18EB73D82354116500E16766 /* AppDelegate.m */ = {isa = PBXFileReference; fileEncoding = 4; lastKnownFileType = sourcecode.c.objc; path = AppDelegate.m; sourceTree = "<group>"; };
		18EB73D92354116500E16766 /* SceneDelegate.h */ = {isa = PBXFileReference; fileEncoding = 4; lastKnownFileType = sourcecode.c.h; path = SceneDelegate.h; sourceTree = "<group>"; };
		18EB73DE2354119300E16766 /* Assets.xcassets */ = {isa = PBXFileReference; lastKnownFileType = folder.assetcatalog; path = Assets.xcassets; sourceTree = "<group>"; };
		18EB73E02354119300E16766 /* Base */ = {isa = PBXFileReference; lastKnownFileType = file.storyboard; name = Base; path = Base.lproj/LaunchScreen.storyboard; sourceTree = "<group>"; };
		18EB73E22354119300E16766 /* Base */ = {isa = PBXFileReference; lastKnownFileType = file.storyboard; name = Base; path = Base.lproj/Main.storyboard; sourceTree = "<group>"; };
		18EB73E32354119300E16766 /* Info.plist */ = {isa = PBXFileReference; fileEncoding = 4; lastKnownFileType = text.plist.xml; path = Info.plist; sourceTree = "<group>"; };
		18EB73E9235414D000E16766 /* Config.h */ = {isa = PBXFileReference; fileEncoding = 4; lastKnownFileType = sourcecode.c.h; path = Config.h; sourceTree = "<group>"; };
		18EB73EA235414D000E16766 /* Config.m */ = {isa = PBXFileReference; fileEncoding = 4; lastKnownFileType = sourcecode.c.objc; path = Config.m; sourceTree = "<group>"; };
		18EB73EF235416AC00E16766 /* ProjectHeaderFile.h */ = {isa = PBXFileReference; fileEncoding = 4; lastKnownFileType = sourcecode.c.h; path = ProjectHeaderFile.h; sourceTree = "<group>"; };
		18EB73F2235416AC00E16766 /* Const.h */ = {isa = PBXFileReference; fileEncoding = 4; lastKnownFileType = sourcecode.c.h; path = Const.h; sourceTree = "<group>"; };
		18EB73F4235416EE00E16766 /* BaseProject-Prefix.h */ = {isa = PBXFileReference; fileEncoding = 4; lastKnownFileType = sourcecode.c.h; path = "BaseProject-Prefix.h"; sourceTree = "<group>"; };
		18EB73F823541B4700E16766 /* QSThreadSafeMutableDictionary.m */ = {isa = PBXFileReference; fileEncoding = 4; lastKnownFileType = sourcecode.c.objc; path = QSThreadSafeMutableDictionary.m; sourceTree = "<group>"; };
		18EB73F923541B4700E16766 /* QSThreadSafeMutableArray.h */ = {isa = PBXFileReference; fileEncoding = 4; lastKnownFileType = sourcecode.c.h; path = QSThreadSafeMutableArray.h; sourceTree = "<group>"; };
		18EB73FA23541B4700E16766 /* QSThreadSafeCounter.m */ = {isa = PBXFileReference; fileEncoding = 4; lastKnownFileType = sourcecode.c.objc; path = QSThreadSafeCounter.m; sourceTree = "<group>"; };
		18EB73FB23541B4700E16766 /* QSThreadSafeMutableDictionary.h */ = {isa = PBXFileReference; fileEncoding = 4; lastKnownFileType = sourcecode.c.h; path = QSThreadSafeMutableDictionary.h; sourceTree = "<group>"; };
		18EB73FC23541B4700E16766 /* QSThreadSafeMutableArray.m */ = {isa = PBXFileReference; fileEncoding = 4; lastKnownFileType = sourcecode.c.objc; path = QSThreadSafeMutableArray.m; sourceTree = "<group>"; };
		18EB73FD23541B4700E16766 /* QSThreadSafeCounter.h */ = {isa = PBXFileReference; fileEncoding = 4; lastKnownFileType = sourcecode.c.h; path = QSThreadSafeCounter.h; sourceTree = "<group>"; };
		18EB740123541B8F00E16766 /* Reachability.h */ = {isa = PBXFileReference; fileEncoding = 4; lastKnownFileType = sourcecode.c.h; path = Reachability.h; sourceTree = "<group>"; };
		18EB740223541B8F00E16766 /* CheckInput.h */ = {isa = PBXFileReference; fileEncoding = 4; lastKnownFileType = sourcecode.c.h; path = CheckInput.h; sourceTree = "<group>"; };
		18EB740323541B8F00E16766 /* Reachability.m */ = {isa = PBXFileReference; fileEncoding = 4; lastKnownFileType = sourcecode.c.objc; path = Reachability.m; sourceTree = "<group>"; };
		18EB740423541B8F00E16766 /* CheckInput.m */ = {isa = PBXFileReference; fileEncoding = 4; lastKnownFileType = sourcecode.c.objc; path = CheckInput.m; sourceTree = "<group>"; };
		18EB740D235423C600E16766 /* NSString+Date.h */ = {isa = PBXFileReference; fileEncoding = 4; lastKnownFileType = sourcecode.c.h; path = "NSString+Date.h"; sourceTree = "<group>"; };
		18EB740E235423C600E16766 /* NSString+Handle.h */ = {isa = PBXFileReference; fileEncoding = 4; lastKnownFileType = sourcecode.c.h; path = "NSString+Handle.h"; sourceTree = "<group>"; };
		18EB740F235423C600E16766 /* NSString+Date.m */ = {isa = PBXFileReference; fileEncoding = 4; lastKnownFileType = sourcecode.c.objc; path = "NSString+Date.m"; sourceTree = "<group>"; };
		18EB7410235423C600E16766 /* NSString+Handle.m */ = {isa = PBXFileReference; fileEncoding = 4; lastKnownFileType = sourcecode.c.objc; path = "NSString+Handle.m"; sourceTree = "<group>"; };
		18EB74132354241F00E16766 /* NSString+Size.h */ = {isa = PBXFileReference; lastKnownFileType = sourcecode.c.h; path = "NSString+Size.h"; sourceTree = "<group>"; };
		18EB74142354241F00E16766 /* NSString+Size.m */ = {isa = PBXFileReference; lastKnownFileType = sourcecode.c.objc; path = "NSString+Size.m"; sourceTree = "<group>"; };
		18EB74162354287700E16766 /* NSString+Number.h */ = {isa = PBXFileReference; lastKnownFileType = sourcecode.c.h; path = "NSString+Number.h"; sourceTree = "<group>"; };
		18EB74172354287700E16766 /* NSString+Number.m */ = {isa = PBXFileReference; lastKnownFileType = sourcecode.c.objc; path = "NSString+Number.m"; sourceTree = "<group>"; };
		18EB74192354511D00E16766 /* NSDate+Utils.m */ = {isa = PBXFileReference; fileEncoding = 4; lastKnownFileType = sourcecode.c.objc; path = "NSDate+Utils.m"; sourceTree = "<group>"; };
		18EB741A2354511D00E16766 /* NSDate+Utils.h */ = {isa = PBXFileReference; fileEncoding = 4; lastKnownFileType = sourcecode.c.h; path = "NSDate+Utils.h"; sourceTree = "<group>"; };
		18EB741F2354514B00E16766 /* NSMutableAttributedString+Utils.m */ = {isa = PBXFileReference; fileEncoding = 4; lastKnownFileType = sourcecode.c.objc; path = "NSMutableAttributedString+Utils.m"; sourceTree = "<group>"; };
		18EB74202354514B00E16766 /* NSMutableAttributedString+Utils.h */ = {isa = PBXFileReference; fileEncoding = 4; lastKnownFileType = sourcecode.c.h; path = "NSMutableAttributedString+Utils.h"; sourceTree = "<group>"; };
		18EB74222354539500E16766 /* NSDictionary+Accessors.m */ = {isa = PBXFileReference; fileEncoding = 4; lastKnownFileType = sourcecode.c.objc; path = "NSDictionary+Accessors.m"; sourceTree = "<group>"; };
		18EB74232354539500E16766 /* NSDictionary+Accessors.h */ = {isa = PBXFileReference; fileEncoding = 4; lastKnownFileType = sourcecode.c.h; path = "NSDictionary+Accessors.h"; sourceTree = "<group>"; };
		18EB7425235453D000E16766 /* NSObject+Util.h */ = {isa = PBXFileReference; fileEncoding = 4; lastKnownFileType = sourcecode.c.h; path = "NSObject+Util.h"; sourceTree = "<group>"; };
		18EB7426235453D000E16766 /* NSObject+Util.m */ = {isa = PBXFileReference; fileEncoding = 4; lastKnownFileType = sourcecode.c.objc; path = "NSObject+Util.m"; sourceTree = "<group>"; };
		18EB7428235455E800E16766 /* UIViewController+Utils.h */ = {isa = PBXFileReference; fileEncoding = 4; lastKnownFileType = sourcecode.c.h; path = "UIViewController+Utils.h"; sourceTree = "<group>"; };
		18EB7429235455E800E16766 /* UIViewController+Utils.m */ = {isa = PBXFileReference; fileEncoding = 4; lastKnownFileType = sourcecode.c.objc; path = "UIViewController+Utils.m"; sourceTree = "<group>"; };
		18EB742B23545AC500E16766 /* UIView+Utils.h */ = {isa = PBXFileReference; fileEncoding = 4; lastKnownFileType = sourcecode.c.h; path = "UIView+Utils.h"; sourceTree = "<group>"; };
		18EB742C23545AC500E16766 /* UIView+Utils.m */ = {isa = PBXFileReference; fileEncoding = 4; lastKnownFileType = sourcecode.c.objc; path = "UIView+Utils.m"; sourceTree = "<group>"; };
		18EB742E23545B0100E16766 /* UIScrollView+Refresh.m */ = {isa = PBXFileReference; fileEncoding = 4; lastKnownFileType = sourcecode.c.objc; path = "UIScrollView+Refresh.m"; sourceTree = "<group>"; };
		18EB742F23545B0100E16766 /* UIScrollView+Refresh.h */ = {isa = PBXFileReference; fileEncoding = 4; lastKnownFileType = sourcecode.c.h; path = "UIScrollView+Refresh.h"; sourceTree = "<group>"; };
		18EB743123545F7F00E16766 /* UIButton+Utils.h */ = {isa = PBXFileReference; fileEncoding = 4; lastKnownFileType = sourcecode.c.h; path = "UIButton+Utils.h"; sourceTree = "<group>"; };
		18EB743223545F7F00E16766 /* UIButton+Utils.m */ = {isa = PBXFileReference; fileEncoding = 4; lastKnownFileType = sourcecode.c.objc; path = "UIButton+Utils.m"; sourceTree = "<group>"; };
		18EB74342354604700E16766 /* UITableView+Utils.m */ = {isa = PBXFileReference; fileEncoding = 4; lastKnownFileType = sourcecode.c.objc; path = "UITableView+Utils.m"; sourceTree = "<group>"; };
		18EB74352354604700E16766 /* UITableViewCell+UI.m */ = {isa = PBXFileReference; fileEncoding = 4; lastKnownFileType = sourcecode.c.objc; path = "UITableViewCell+UI.m"; sourceTree = "<group>"; };
		18EB74362354604700E16766 /* UIStackView+Utils.h */ = {isa = PBXFileReference; fileEncoding = 4; lastKnownFileType = sourcecode.c.h; path = "UIStackView+Utils.h"; sourceTree = "<group>"; };
		18EB74372354604700E16766 /* UICollectionView+Utils.h */ = {isa = PBXFileReference; fileEncoding = 4; lastKnownFileType = sourcecode.c.h; path = "UICollectionView+Utils.h"; sourceTree = "<group>"; };
		18EB74382354604800E16766 /* UIStackView+Utils.m */ = {isa = PBXFileReference; fileEncoding = 4; lastKnownFileType = sourcecode.c.objc; path = "UIStackView+Utils.m"; sourceTree = "<group>"; };
		18EB74392354604800E16766 /* UITableView+Utils.h */ = {isa = PBXFileReference; fileEncoding = 4; lastKnownFileType = sourcecode.c.h; path = "UITableView+Utils.h"; sourceTree = "<group>"; };
		18EB743A2354604800E16766 /* UICollectionView+Utils.m */ = {isa = PBXFileReference; fileEncoding = 4; lastKnownFileType = sourcecode.c.objc; path = "UICollectionView+Utils.m"; sourceTree = "<group>"; };
		18EB743B2354604800E16766 /* UITableViewCell+UI.h */ = {isa = PBXFileReference; fileEncoding = 4; lastKnownFileType = sourcecode.c.h; path = "UITableViewCell+UI.h"; sourceTree = "<group>"; };
		18EB74402354607400E16766 /* UITextField+Utils.h */ = {isa = PBXFileReference; fileEncoding = 4; lastKnownFileType = sourcecode.c.h; path = "UITextField+Utils.h"; sourceTree = "<group>"; };
		18EB74412354607400E16766 /* UITextField+Utils.m */ = {isa = PBXFileReference; fileEncoding = 4; lastKnownFileType = sourcecode.c.objc; path = "UITextField+Utils.m"; sourceTree = "<group>"; };
		18EB7447235460E200E16766 /* GCDTimerManager.h */ = {isa = PBXFileReference; fileEncoding = 4; lastKnownFileType = sourcecode.c.h; path = GCDTimerManager.h; sourceTree = "<group>"; };
		18EB7448235460E200E16766 /* GCDTimerManager.m */ = {isa = PBXFileReference; fileEncoding = 4; lastKnownFileType = sourcecode.c.objc; path = GCDTimerManager.m; sourceTree = "<group>"; };
		18EB744B235460E900E16766 /* NSString+IP.h */ = {isa = PBXFileReference; fileEncoding = 4; lastKnownFileType = sourcecode.c.h; path = "NSString+IP.h"; sourceTree = "<group>"; };
		18EB744C235460E900E16766 /* route.h */ = {isa = PBXFileReference; fileEncoding = 4; lastKnownFileType = sourcecode.c.h; path = route.h; sourceTree = "<group>"; };
		18EB744D235460E900E16766 /* NSString+IP.m */ = {isa = PBXFileReference; fileEncoding = 4; lastKnownFileType = sourcecode.c.objc; path = "NSString+IP.m"; sourceTree = "<group>"; };
		18EB748A2354621C00E16766 /* LocationManager.m */ = {isa = PBXFileReference; fileEncoding = 4; lastKnownFileType = sourcecode.c.objc; path = LocationManager.m; sourceTree = "<group>"; };
		18EB748C2354621C00E16766 /* PublicFunction.h */ = {isa = PBXFileReference; fileEncoding = 4; lastKnownFileType = sourcecode.c.h; path = PublicFunction.h; sourceTree = "<group>"; };
		18EB748D2354621C00E16766 /* LocationManager.h */ = {isa = PBXFileReference; fileEncoding = 4; lastKnownFileType = sourcecode.c.h; path = LocationManager.h; sourceTree = "<group>"; };
		18EB748E2354621C00E16766 /* PublicFunction.m */ = {isa = PBXFileReference; fileEncoding = 4; lastKnownFileType = sourcecode.c.objc; path = PublicFunction.m; sourceTree = "<group>"; };
		18EB74912354621C00E16766 /* AudioManager.h */ = {isa = PBXFileReference; fileEncoding = 4; lastKnownFileType = sourcecode.c.h; path = AudioManager.h; sourceTree = "<group>"; };
		18EB74922354621C00E16766 /* AudioManager.m */ = {isa = PBXFileReference; fileEncoding = 4; lastKnownFileType = sourcecode.c.objc; path = AudioManager.m; sourceTree = "<group>"; };
		18EB74DC2354621C00E16766 /* AuthorizationTool.m */ = {isa = PBXFileReference; fileEncoding = 4; lastKnownFileType = sourcecode.c.objc; path = AuthorizationTool.m; sourceTree = "<group>"; };
		18EB74DD2354621C00E16766 /* DeviceAuthorizationHelper.h */ = {isa = PBXFileReference; fileEncoding = 4; lastKnownFileType = sourcecode.c.h; path = DeviceAuthorizationHelper.h; sourceTree = "<group>"; };
		18EB74DE2354621C00E16766 /* DeviceAuthorizationHelper.m */ = {isa = PBXFileReference; fileEncoding = 4; lastKnownFileType = sourcecode.c.objc; path = DeviceAuthorizationHelper.m; sourceTree = "<group>"; };
		18EB74DF2354621C00E16766 /* AuthorizationTool.h */ = {isa = PBXFileReference; fileEncoding = 4; lastKnownFileType = sourcecode.c.h; path = AuthorizationTool.h; sourceTree = "<group>"; };
		18EB74ED2354621C00E16766 /* ViewControllerJumpManager.h */ = {isa = PBXFileReference; fileEncoding = 4; lastKnownFileType = sourcecode.c.h; path = ViewControllerJumpManager.h; sourceTree = "<group>"; };
		18EB74EE2354621C00E16766 /* WKWebView+Utils.h */ = {isa = PBXFileReference; fileEncoding = 4; lastKnownFileType = sourcecode.c.h; path = "WKWebView+Utils.h"; sourceTree = "<group>"; };
		18EB74EF2354621C00E16766 /* BaseViewController.m */ = {isa = PBXFileReference; fileEncoding = 4; lastKnownFileType = sourcecode.c.objc; path = BaseViewController.m; sourceTree = "<group>"; };
		18EB74F02354621C00E16766 /* ConfirmAlertController.m */ = {isa = PBXFileReference; fileEncoding = 4; lastKnownFileType = sourcecode.c.objc; path = ConfirmAlertController.m; sourceTree = "<group>"; };
		18EB74F12354621C00E16766 /* WebViewController.m */ = {isa = PBXFileReference; fileEncoding = 4; lastKnownFileType = sourcecode.c.objc; path = WebViewController.m; sourceTree = "<group>"; };
		18EB74F22354621C00E16766 /* WKWebView+Utils.m */ = {isa = PBXFileReference; fileEncoding = 4; lastKnownFileType = sourcecode.c.objc; path = "WKWebView+Utils.m"; sourceTree = "<group>"; };
		18EB74F32354621C00E16766 /* ViewControllerJumpManager.m */ = {isa = PBXFileReference; fileEncoding = 4; lastKnownFileType = sourcecode.c.objc; path = ViewControllerJumpManager.m; sourceTree = "<group>"; };
		18EB74F42354621C00E16766 /* ConfirmAlertController.h */ = {isa = PBXFileReference; fileEncoding = 4; lastKnownFileType = sourcecode.c.h; path = ConfirmAlertController.h; sourceTree = "<group>"; };
		18EB74F52354621C00E16766 /* BaseViewController.h */ = {isa = PBXFileReference; fileEncoding = 4; lastKnownFileType = sourcecode.c.h; path = BaseViewController.h; sourceTree = "<group>"; };
		18EB74F62354621C00E16766 /* WebViewController.h */ = {isa = PBXFileReference; fileEncoding = 4; lastKnownFileType = sourcecode.c.h; path = WebViewController.h; sourceTree = "<group>"; };
		18EB74F92354621C00E16766 /* BaseYYModel.m */ = {isa = PBXFileReference; fileEncoding = 4; lastKnownFileType = sourcecode.c.objc; path = BaseYYModel.m; sourceTree = "<group>"; };
		18EB74FC2354621C00E16766 /* BaseYYModel.h */ = {isa = PBXFileReference; fileEncoding = 4; lastKnownFileType = sourcecode.c.h; path = BaseYYModel.h; sourceTree = "<group>"; };
		18EB75042354621C00E16766 /* BaseTableView.m */ = {isa = PBXFileReference; fileEncoding = 4; lastKnownFileType = sourcecode.c.objc; path = BaseTableView.m; sourceTree = "<group>"; };
		18EB75072354621C00E16766 /* BaseTableView.h */ = {isa = PBXFileReference; fileEncoding = 4; lastKnownFileType = sourcecode.c.h; path = BaseTableView.h; sourceTree = "<group>"; };
		18EB750A2354621C00E16766 /* XAlertView.h */ = {isa = PBXFileReference; fileEncoding = 4; lastKnownFileType = sourcecode.c.h; path = XAlertView.h; sourceTree = "<group>"; };
		18EB750B2354621C00E16766 /* BaseScrollView.h */ = {isa = PBXFileReference; fileEncoding = 4; lastKnownFileType = sourcecode.c.h; path = BaseScrollView.h; sourceTree = "<group>"; };
		18EB750D2354621C00E16766 /* BaseCollectionView.h */ = {isa = PBXFileReference; fileEncoding = 4; lastKnownFileType = sourcecode.c.h; path = BaseCollectionView.h; sourceTree = "<group>"; };
		18EB750E2354621C00E16766 /* BaseCollectionViewFlowLayout.h */ = {isa = PBXFileReference; fileEncoding = 4; lastKnownFileType = sourcecode.c.h; path = BaseCollectionViewFlowLayout.h; sourceTree = "<group>"; };
		18EB750F2354621C00E16766 /* BaseCollectionView.m */ = {isa = PBXFileReference; fileEncoding = 4; lastKnownFileType = sourcecode.c.objc; path = BaseCollectionView.m; sourceTree = "<group>"; };
		18EB75102354621C00E16766 /* BaseCollectionViewFlowLayout.m */ = {isa = PBXFileReference; fileEncoding = 4; lastKnownFileType = sourcecode.c.objc; path = BaseCollectionViewFlowLayout.m; sourceTree = "<group>"; };
		18EB75172354621C00E16766 /* BasePopView.h */ = {isa = PBXFileReference; fileEncoding = 4; lastKnownFileType = sourcecode.c.h; path = BasePopView.h; sourceTree = "<group>"; };
		18EB75182354621C00E16766 /* BasePopView.m */ = {isa = PBXFileReference; fileEncoding = 4; lastKnownFileType = sourcecode.c.objc; path = BasePopView.m; sourceTree = "<group>"; };
		18EB751A2354621C00E16766 /* DashLineView.h */ = {isa = PBXFileReference; fileEncoding = 4; lastKnownFileType = sourcecode.c.h; path = DashLineView.h; sourceTree = "<group>"; };
		18EB751B2354621C00E16766 /* XAlertView.m */ = {isa = PBXFileReference; fileEncoding = 4; lastKnownFileType = sourcecode.c.objc; path = XAlertView.m; sourceTree = "<group>"; };
		18EB751D2354621C00E16766 /* BaseTextView.h */ = {isa = PBXFileReference; fileEncoding = 4; lastKnownFileType = sourcecode.c.h; path = BaseTextView.h; sourceTree = "<group>"; };
		18EB751F2354621C00E16766 /* BaseTextField.h */ = {isa = PBXFileReference; fileEncoding = 4; lastKnownFileType = sourcecode.c.h; path = BaseTextField.h; sourceTree = "<group>"; };
		18EB75232354621C00E16766 /* BaseTextView.m */ = {isa = PBXFileReference; fileEncoding = 4; lastKnownFileType = sourcecode.c.objc; path = BaseTextView.m; sourceTree = "<group>"; };
		18EB75242354621C00E16766 /* BaseTextField.m */ = {isa = PBXFileReference; fileEncoding = 4; lastKnownFileType = sourcecode.c.objc; path = BaseTextField.m; sourceTree = "<group>"; };
		18EB75292354621C00E16766 /* BaseButton.h */ = {isa = PBXFileReference; fileEncoding = 4; lastKnownFileType = sourcecode.c.h; path = BaseButton.h; sourceTree = "<group>"; };
		18EB752A2354621C00E16766 /* CountDownButton.m */ = {isa = PBXFileReference; fileEncoding = 4; lastKnownFileType = sourcecode.c.objc; path = CountDownButton.m; sourceTree = "<group>"; };
		18EB752B2354621C00E16766 /* RoundEndPointButton.h */ = {isa = PBXFileReference; fileEncoding = 4; lastKnownFileType = sourcecode.c.h; path = RoundEndPointButton.h; sourceTree = "<group>"; };
		18EB752C2354621C00E16766 /* BaseButton.m */ = {isa = PBXFileReference; fileEncoding = 4; lastKnownFileType = sourcecode.c.objc; path = BaseButton.m; sourceTree = "<group>"; };
		18EB752D2354621C00E16766 /* RoundEndPointButton.m */ = {isa = PBXFileReference; fileEncoding = 4; lastKnownFileType = sourcecode.c.objc; path = RoundEndPointButton.m; sourceTree = "<group>"; };
		18EB752E2354621C00E16766 /* CountDownButton.h */ = {isa = PBXFileReference; fileEncoding = 4; lastKnownFileType = sourcecode.c.h; path = CountDownButton.h; sourceTree = "<group>"; };
		18EB752F2354621C00E16766 /* BaseScrollView.m */ = {isa = PBXFileReference; fileEncoding = 4; lastKnownFileType = sourcecode.c.objc; path = BaseScrollView.m; sourceTree = "<group>"; };
		18EB75322354621C00E16766 /* DashLineView.m */ = {isa = PBXFileReference; fileEncoding = 4; lastKnownFileType = sourcecode.c.objc; path = DashLineView.m; sourceTree = "<group>"; };
		18EB75352354621C00E16766 /* HUD.h */ = {isa = PBXFileReference; fileEncoding = 4; lastKnownFileType = sourcecode.c.h; path = HUD.h; sourceTree = "<group>"; };
		18EB75372354621C00E16766 /* UIImage+GIFImage.m */ = {isa = PBXFileReference; fileEncoding = 4; lastKnownFileType = sourcecode.c.objc; path = "UIImage+GIFImage.m"; sourceTree = "<group>"; };
		18EB75382354621C00E16766 /* SVProgressHUD_Extension.h */ = {isa = PBXFileReference; fileEncoding = 4; lastKnownFileType = sourcecode.c.h; path = SVProgressHUD_Extension.h; sourceTree = "<group>"; };
		18EB75392354621C00E16766 /* UIImage+GIFImage.h */ = {isa = PBXFileReference; fileEncoding = 4; lastKnownFileType = sourcecode.c.h; path = "UIImage+GIFImage.h"; sourceTree = "<group>"; };
		18EB753A2354621C00E16766 /* HUD.m */ = {isa = PBXFileReference; fileEncoding = 4; lastKnownFileType = sourcecode.c.objc; path = HUD.m; sourceTree = "<group>"; };
		18EB759C2354663500E16766 /* UITextField+Restrict.h */ = {isa = PBXFileReference; fileEncoding = 4; lastKnownFileType = sourcecode.c.h; path = "UITextField+Restrict.h"; sourceTree = "<group>"; };
		18EB759D2354663500E16766 /* UITextField+Restrict.m */ = {isa = PBXFileReference; fileEncoding = 4; lastKnownFileType = sourcecode.c.objc; path = "UITextField+Restrict.m"; sourceTree = "<group>"; };
		18EB759F2354665D00E16766 /* TextRestrict.m */ = {isa = PBXFileReference; fileEncoding = 4; lastKnownFileType = sourcecode.c.objc; path = TextRestrict.m; sourceTree = "<group>"; };
		18EB75A02354665D00E16766 /* TextRestrict.h */ = {isa = PBXFileReference; fileEncoding = 4; lastKnownFileType = sourcecode.c.h; path = TextRestrict.h; sourceTree = "<group>"; };
		18EB75A223546CAF00E16766 /* NoDataCustomeView.m */ = {isa = PBXFileReference; fileEncoding = 4; lastKnownFileType = sourcecode.c.objc; path = NoDataCustomeView.m; sourceTree = "<group>"; };
		18EB75A323546CAF00E16766 /* NoDataCustomeView.h */ = {isa = PBXFileReference; fileEncoding = 4; lastKnownFileType = sourcecode.c.h; path = NoDataCustomeView.h; sourceTree = "<group>"; };
		18EB75A523546CD500E16766 /* NoDataView.h */ = {isa = PBXFileReference; fileEncoding = 4; lastKnownFileType = sourcecode.c.h; path = NoDataView.h; sourceTree = "<group>"; };
		18EB75A623546CD600E16766 /* NoDataView.m */ = {isa = PBXFileReference; fileEncoding = 4; lastKnownFileType = sourcecode.c.objc; path = NoDataView.m; sourceTree = "<group>"; };
		18EB75D323546F4B00E16766 /* DataInterface.m */ = {isa = PBXFileReference; fileEncoding = 4; lastKnownFileType = sourcecode.c.objc; path = DataInterface.m; sourceTree = "<group>"; };
		18EB75D523546F4B00E16766 /* DataServiceInternal.h */ = {isa = PBXFileReference; fileEncoding = 4; lastKnownFileType = sourcecode.c.h; path = DataServiceInternal.h; sourceTree = "<group>"; };
		18EB75D623546F4B00E16766 /* HttpSessionManager.h */ = {isa = PBXFileReference; fileEncoding = 4; lastKnownFileType = sourcecode.c.h; path = HttpSessionManager.h; sourceTree = "<group>"; };
		18EB75D723546F4B00E16766 /* DataService+DataServiceInternal.h */ = {isa = PBXFileReference; fileEncoding = 4; lastKnownFileType = sourcecode.c.h; path = "DataService+DataServiceInternal.h"; sourceTree = "<group>"; };
		18EB75D823546F4B00E16766 /* DataService.h */ = {isa = PBXFileReference; fileEncoding = 4; lastKnownFileType = sourcecode.c.h; path = DataService.h; sourceTree = "<group>"; };
		18EB75D923546F4B00E16766 /* HttpSessionManager.m */ = {isa = PBXFileReference; fileEncoding = 4; lastKnownFileType = sourcecode.c.objc; path = HttpSessionManager.m; sourceTree = "<group>"; };
		18EB75DA23546F4B00E16766 /* DataService+DataServiceInternal.m */ = {isa = PBXFileReference; fileEncoding = 4; lastKnownFileType = sourcecode.c.objc; path = "DataService+DataServiceInternal.m"; sourceTree = "<group>"; };
		18EB75DC23546F4B00E16766 /* LoginInfo.m */ = {isa = PBXFileReference; fileEncoding = 4; lastKnownFileType = sourcecode.c.objc; path = LoginInfo.m; sourceTree = "<group>"; };
		18EB75DD23546F4B00E16766 /* DataServiceCompletionModel.h */ = {isa = PBXFileReference; fileEncoding = 4; lastKnownFileType = sourcecode.c.h; path = DataServiceCompletionModel.h; sourceTree = "<group>"; };
		18EB75DE23546F4B00E16766 /* DataServiceResponseModel.h */ = {isa = PBXFileReference; fileEncoding = 4; lastKnownFileType = sourcecode.c.h; path = DataServiceResponseModel.h; sourceTree = "<group>"; };
		18EB75DF23546F4B00E16766 /* LoginInfo.h */ = {isa = PBXFileReference; fileEncoding = 4; lastKnownFileType = sourcecode.c.h; path = LoginInfo.h; sourceTree = "<group>"; };
		18EB75E023546F4B00E16766 /* DataServiceResponseModel.m */ = {isa = PBXFileReference; fileEncoding = 4; lastKnownFileType = sourcecode.c.objc; path = DataServiceResponseModel.m; sourceTree = "<group>"; };
		18EB75E123546F4B00E16766 /* DataServiceCompletionModel.m */ = {isa = PBXFileReference; fileEncoding = 4; lastKnownFileType = sourcecode.c.objc; path = DataServiceCompletionModel.m; sourceTree = "<group>"; };
		18EB75E223546F4B00E16766 /* DataService.m */ = {isa = PBXFileReference; fileEncoding = 4; lastKnownFileType = sourcecode.c.objc; path = DataService.m; sourceTree = "<group>"; };
		18EB75E323546F4B00E16766 /* DataInterface.h */ = {isa = PBXFileReference; fileEncoding = 4; lastKnownFileType = sourcecode.c.h; path = DataInterface.h; sourceTree = "<group>"; };
		18EB75FD2354710200E16766 /* User.h */ = {isa = PBXFileReference; fileEncoding = 4; lastKnownFileType = sourcecode.c.h; path = User.h; sourceTree = "<group>"; };
		18EB75FE2354710300E16766 /* User.m */ = {isa = PBXFileReference; fileEncoding = 4; lastKnownFileType = sourcecode.c.objc; path = User.m; sourceTree = "<group>"; };
		2150213A84609150BBECBC3F /* Pods-BaseProject.release.xcconfig */ = {isa = PBXFileReference; includeInIndex = 1; lastKnownFileType = text.xcconfig; name = "Pods-BaseProject.release.xcconfig"; path = "Target Support Files/Pods-BaseProject/Pods-BaseProject.release.xcconfig"; sourceTree = "<group>"; };
		2E384E94C4DF039DE20D80FE /* Pods_BaseProjectTests.framework */ = {isa = PBXFileReference; explicitFileType = wrapper.framework; includeInIndex = 0; path = Pods_BaseProjectTests.framework; sourceTree = BUILT_PRODUCTS_DIR; };
		42C40644C7DBA1DC694778A6 /* Pods-BaseProject.debug.xcconfig */ = {isa = PBXFileReference; includeInIndex = 1; lastKnownFileType = text.xcconfig; name = "Pods-BaseProject.debug.xcconfig"; path = "Target Support Files/Pods-BaseProject/Pods-BaseProject.debug.xcconfig"; sourceTree = "<group>"; };
		437E0624D30EF44A54AEC655 /* Pods-BaseProject-BaseProjectUITests.debug.xcconfig */ = {isa = PBXFileReference; includeInIndex = 1; lastKnownFileType = text.xcconfig; name = "Pods-BaseProject-BaseProjectUITests.debug.xcconfig"; path = "Target Support Files/Pods-BaseProject-BaseProjectUITests/Pods-BaseProject-BaseProjectUITests.debug.xcconfig"; sourceTree = "<group>"; };
		53CD286B1DDD2DEF0D0FA7DC /* Pods_BaseProject_BaseProjectUITests.framework */ = {isa = PBXFileReference; explicitFileType = wrapper.framework; includeInIndex = 0; path = Pods_BaseProject_BaseProjectUITests.framework; sourceTree = BUILT_PRODUCTS_DIR; };
		68AC179D9E7EB231612C38A9 /* Pods-BaseProject-BaseProjectUITests.release.xcconfig */ = {isa = PBXFileReference; includeInIndex = 1; lastKnownFileType = text.xcconfig; name = "Pods-BaseProject-BaseProjectUITests.release.xcconfig"; path = "Target Support Files/Pods-BaseProject-BaseProjectUITests/Pods-BaseProject-BaseProjectUITests.release.xcconfig"; sourceTree = "<group>"; };
		93F2A20CFD5C2C3001DF8C79 /* Pods-BaseProjectTests.debug.xcconfig */ = {isa = PBXFileReference; includeInIndex = 1; lastKnownFileType = text.xcconfig; name = "Pods-BaseProjectTests.debug.xcconfig"; path = "Target Support Files/Pods-BaseProjectTests/Pods-BaseProjectTests.debug.xcconfig"; sourceTree = "<group>"; };
		9D652B78D8C1878E17971A75 /* Pods_BaseProject.framework */ = {isa = PBXFileReference; explicitFileType = wrapper.framework; includeInIndex = 0; path = Pods_BaseProject.framework; sourceTree = BUILT_PRODUCTS_DIR; };
		DD692CBDC3C5EC282E9F9955 /* Pods-BaseProjectTests.release.xcconfig */ = {isa = PBXFileReference; includeInIndex = 1; lastKnownFileType = text.xcconfig; name = "Pods-BaseProjectTests.release.xcconfig"; path = "Target Support Files/Pods-BaseProjectTests/Pods-BaseProjectTests.release.xcconfig"; sourceTree = "<group>"; };
/* End PBXFileReference section */

/* Begin PBXFrameworksBuildPhase section */
		1845DF622351B01C0069AA1D /* Frameworks */ = {
			isa = PBXFrameworksBuildPhase;
			buildActionMask = 2147483647;
			files = (
				F7A18673B8349758442E2D45 /* Pods_BaseProject.framework in Frameworks */,
			);
			runOnlyForDeploymentPostprocessing = 0;
		};
		1845DF7D2351B01E0069AA1D /* Frameworks */ = {
			isa = PBXFrameworksBuildPhase;
			buildActionMask = 2147483647;
			files = (
				2FC09BFAA1D1B9C675CF3196 /* Pods_BaseProjectTests.framework in Frameworks */,
			);
			runOnlyForDeploymentPostprocessing = 0;
		};
		1845DF882351B01E0069AA1D /* Frameworks */ = {
			isa = PBXFrameworksBuildPhase;
			buildActionMask = 2147483647;
			files = (
				0F9FBF45CA44B453AE5CCC2E /* Pods_BaseProject_BaseProjectUITests.framework in Frameworks */,
			);
			runOnlyForDeploymentPostprocessing = 0;
		};
/* End PBXFrameworksBuildPhase section */

/* Begin PBXGroup section */
		1845DF5C2351B01C0069AA1D = {
			isa = PBXGroup;
			children = (
				1845DF672351B01C0069AA1D /* BaseProject */,
				1845DF832351B01E0069AA1D /* BaseProjectTests */,
				1845DF8E2351B01E0069AA1D /* BaseProjectUITests */,
				1845DF662351B01C0069AA1D /* Products */,
				EDABF3722A92290EA3F33EA8 /* Pods */,
				EA40252FFA041C8981BF7D91 /* Frameworks */,
			);
			sourceTree = "<group>";
		};
		1845DF662351B01C0069AA1D /* Products */ = {
			isa = PBXGroup;
			children = (
				1845DF652351B01C0069AA1D /* BaseProject.app */,
				1845DF802351B01E0069AA1D /* BaseProjectTests.xctest */,
				1845DF8B2351B01E0069AA1D /* BaseProjectUITests.xctest */,
			);
			name = Products;
			sourceTree = "<group>";
		};
		1845DF672351B01C0069AA1D /* BaseProject */ = {
			isa = PBXGroup;
			children = (
				18EB73F523541B1900E16766 /* Utils */,
				18EB73E8235414D000E16766 /* Config */,
				18EB744F2354621C00E16766 /* BaseClass */,
				18EB75A823546F4B00E16766 /* Interface */,
				18EB73F623541B2500E16766 /* ViewControllers */,
				18EB73D42354116500E16766 /* AppDelegate */,
				18EB73DD2354119300E16766 /* Resource */,
				18EB73EC235416AC00E16766 /* Macro */,
			);
			path = BaseProject;
			sourceTree = "<group>";
		};
		1845DF832351B01E0069AA1D /* BaseProjectTests */ = {
			isa = PBXGroup;
			children = (
				1845DF842351B01E0069AA1D /* BaseProjectTests.m */,
				1845DF862351B01E0069AA1D /* Info.plist */,
			);
			path = BaseProjectTests;
			sourceTree = "<group>";
		};
		1845DF8E2351B01E0069AA1D /* BaseProjectUITests */ = {
			isa = PBXGroup;
			children = (
				1845DF8F2351B01E0069AA1D /* BaseProjectUITests.m */,
				1845DF912351B01E0069AA1D /* Info.plist */,
			);
			path = BaseProjectUITests;
			sourceTree = "<group>";
		};
		18EB73D42354116500E16766 /* AppDelegate */ = {
			isa = PBXGroup;
			children = (
				18EB73D72354116500E16766 /* main.m */,
				18EB73D52354116500E16766 /* AppDelegate.h */,
				18EB73D82354116500E16766 /* AppDelegate.m */,
				18EB73D92354116500E16766 /* SceneDelegate.h */,
				18EB73D62354116500E16766 /* SceneDelegate.m */,
			);
			path = AppDelegate;
			sourceTree = "<group>";
		};
		18EB73DD2354119300E16766 /* Resource */ = {
			isa = PBXGroup;
			children = (
				18EB73E32354119300E16766 /* Info.plist */,
				18EB73E12354119300E16766 /* Main.storyboard */,
				18EB73DF2354119300E16766 /* LaunchScreen.storyboard */,
				18EB73DE2354119300E16766 /* Assets.xcassets */,
			);
			path = Resource;
			sourceTree = "<group>";
		};
		18EB73E8235414D000E16766 /* Config */ = {
			isa = PBXGroup;
			children = (
				18EB73E9235414D000E16766 /* Config.h */,
				18EB73EA235414D000E16766 /* Config.m */,
			);
			path = Config;
			sourceTree = "<group>";
		};
		18EB73EC235416AC00E16766 /* Macro */ = {
			isa = PBXGroup;
			children = (
				18EB73F4235416EE00E16766 /* BaseProject-Prefix.h */,
				18EB73EF235416AC00E16766 /* ProjectHeaderFile.h */,
				18EB73F2235416AC00E16766 /* Const.h */,
			);
			path = Macro;
			sourceTree = "<group>";
		};
		18EB73F523541B1900E16766 /* Utils */ = {
			isa = PBXGroup;
			children = (
				18EB74432354608C00E16766 /* GCDTimer */,
				18EB744A235460E900E16766 /* IP Address */,
				18EB73F723541B4700E16766 /* ThreadSafe */,
				18EB740223541B8F00E16766 /* CheckInput.h */,
				18EB740423541B8F00E16766 /* CheckInput.m */,
				18EB740123541B8F00E16766 /* Reachability.h */,
				18EB740323541B8F00E16766 /* Reachability.m */,
				18EB740E235423C600E16766 /* NSString+Handle.h */,
				18EB7410235423C600E16766 /* NSString+Handle.m */,
				18EB74162354287700E16766 /* NSString+Number.h */,
				18EB74172354287700E16766 /* NSString+Number.m */,
				18EB740D235423C600E16766 /* NSString+Date.h */,
				18EB740F235423C600E16766 /* NSString+Date.m */,
				18EB74132354241F00E16766 /* NSString+Size.h */,
				18EB74142354241F00E16766 /* NSString+Size.m */,
				18EB741A2354511D00E16766 /* NSDate+Utils.h */,
				18EB74192354511D00E16766 /* NSDate+Utils.m */,
				18EB74202354514B00E16766 /* NSMutableAttributedString+Utils.h */,
				18EB741F2354514B00E16766 /* NSMutableAttributedString+Utils.m */,
				18EB74232354539500E16766 /* NSDictionary+Accessors.h */,
				18EB74222354539500E16766 /* NSDictionary+Accessors.m */,
				18EB7425235453D000E16766 /* NSObject+Util.h */,
				18EB7426235453D000E16766 /* NSObject+Util.m */,
				18EB7428235455E800E16766 /* UIViewController+Utils.h */,
				18EB7429235455E800E16766 /* UIViewController+Utils.m */,
				18EB742B23545AC500E16766 /* UIView+Utils.h */,
				18EB742C23545AC500E16766 /* UIView+Utils.m */,
				18EB743123545F7F00E16766 /* UIButton+Utils.h */,
				18EB743223545F7F00E16766 /* UIButton+Utils.m */,
				18EB742F23545B0100E16766 /* UIScrollView+Refresh.h */,
				18EB742E23545B0100E16766 /* UIScrollView+Refresh.m */,
				18EB74392354604800E16766 /* UITableView+Utils.h */,
				18EB74342354604700E16766 /* UITableView+Utils.m */,
				18EB743B2354604800E16766 /* UITableViewCell+UI.h */,
				18EB74352354604700E16766 /* UITableViewCell+UI.m */,
				18EB74372354604700E16766 /* UICollectionView+Utils.h */,
				18EB743A2354604800E16766 /* UICollectionView+Utils.m */,
				18EB74362354604700E16766 /* UIStackView+Utils.h */,
				18EB74382354604800E16766 /* UIStackView+Utils.m */,
				18EB74402354607400E16766 /* UITextField+Utils.h */,
				18EB74412354607400E16766 /* UITextField+Utils.m */,
			);
			path = Utils;
			sourceTree = "<group>";
		};
		18EB73F623541B2500E16766 /* ViewControllers */ = {
			isa = PBXGroup;
			children = (
				1845DF6E2351B01C0069AA1D /* ViewController.h */,
				1845DF6F2351B01C0069AA1D /* ViewController.m */,
			);
			path = ViewControllers;
			sourceTree = "<group>";
		};
		18EB73F723541B4700E16766 /* ThreadSafe */ = {
			isa = PBXGroup;
			children = (
				18EB73F923541B4700E16766 /* QSThreadSafeMutableArray.h */,
				18EB73FC23541B4700E16766 /* QSThreadSafeMutableArray.m */,
				18EB73FB23541B4700E16766 /* QSThreadSafeMutableDictionary.h */,
				18EB73F823541B4700E16766 /* QSThreadSafeMutableDictionary.m */,
				18EB73FA23541B4700E16766 /* QSThreadSafeCounter.m */,
				18EB73FD23541B4700E16766 /* QSThreadSafeCounter.h */,
			);
			path = ThreadSafe;
			sourceTree = "<group>";
		};
		18EB74432354608C00E16766 /* GCDTimer */ = {
			isa = PBXGroup;
			children = (
				18EB7447235460E200E16766 /* GCDTimerManager.h */,
				18EB7448235460E200E16766 /* GCDTimerManager.m */,
			);
			path = GCDTimer;
			sourceTree = "<group>";
		};
		18EB744A235460E900E16766 /* IP Address */ = {
			isa = PBXGroup;
			children = (
				18EB744B235460E900E16766 /* NSString+IP.h */,
				18EB744C235460E900E16766 /* route.h */,
				18EB744D235460E900E16766 /* NSString+IP.m */,
			);
			path = "IP Address";
			sourceTree = "<group>";
		};
		18EB744F2354621C00E16766 /* BaseClass */ = {
			isa = PBXGroup;
			children = (
				18EB74502354621C00E16766 /* PublicTools */,
				18EB74F72354621C00E16766 /* Model */,
				18EB74FE2354621C00E16766 /* View */,
				18EB74EC2354621C00E16766 /* Controller */,
			);
			path = BaseClass;
			sourceTree = "<group>";
		};
		18EB74502354621C00E16766 /* PublicTools */ = {
			isa = PBXGroup;
			children = (
				18EB74902354621C00E16766 /* Audio */,
				18EB74DB2354621C00E16766 /* DeviceAuthorization */,
				18EB74892354621C00E16766 /* Others */,
			);
			path = PublicTools;
			sourceTree = "<group>";
		};
		18EB74892354621C00E16766 /* Others */ = {
			isa = PBXGroup;
			children = (
				18EB748C2354621C00E16766 /* PublicFunction.h */,
				18EB748E2354621C00E16766 /* PublicFunction.m */,
				18EB748D2354621C00E16766 /* LocationManager.h */,
				18EB748A2354621C00E16766 /* LocationManager.m */,
			);
			path = Others;
			sourceTree = "<group>";
		};
		18EB74902354621C00E16766 /* Audio */ = {
			isa = PBXGroup;
			children = (
				18EB74912354621C00E16766 /* AudioManager.h */,
				18EB74922354621C00E16766 /* AudioManager.m */,
			);
			path = Audio;
			sourceTree = "<group>";
		};
		18EB74DB2354621C00E16766 /* DeviceAuthorization */ = {
			isa = PBXGroup;
			children = (
				18EB74DF2354621C00E16766 /* AuthorizationTool.h */,
				18EB74DC2354621C00E16766 /* AuthorizationTool.m */,
				18EB74DD2354621C00E16766 /* DeviceAuthorizationHelper.h */,
				18EB74DE2354621C00E16766 /* DeviceAuthorizationHelper.m */,
			);
			path = DeviceAuthorization;
			sourceTree = "<group>";
		};
		18EB74EC2354621C00E16766 /* Controller */ = {
			isa = PBXGroup;
			children = (
				18EB74F52354621C00E16766 /* BaseViewController.h */,
				18EB74EF2354621C00E16766 /* BaseViewController.m */,
				18EB74ED2354621C00E16766 /* ViewControllerJumpManager.h */,
				18EB74F32354621C00E16766 /* ViewControllerJumpManager.m */,
				18EB74F62354621C00E16766 /* WebViewController.h */,
				18EB74F12354621C00E16766 /* WebViewController.m */,
				18EB74EE2354621C00E16766 /* WKWebView+Utils.h */,
				18EB74F22354621C00E16766 /* WKWebView+Utils.m */,
				18EB74F02354621C00E16766 /* ConfirmAlertController.m */,
				18EB74F42354621C00E16766 /* ConfirmAlertController.h */,
			);
			path = Controller;
			sourceTree = "<group>";
		};
		18EB74F72354621C00E16766 /* Model */ = {
			isa = PBXGroup;
			children = (
				18EB75A02354665D00E16766 /* TextRestrict.h */,
				18EB759F2354665D00E16766 /* TextRestrict.m */,
				18EB759C2354663500E16766 /* UITextField+Restrict.h */,
				18EB759D2354663500E16766 /* UITextField+Restrict.m */,
				18EB74FC2354621C00E16766 /* BaseYYModel.h */,
				18EB74F92354621C00E16766 /* BaseYYModel.m */,
			);
			path = Model;
			sourceTree = "<group>";
		};
		18EB74FE2354621C00E16766 /* View */ = {
			isa = PBXGroup;
			children = (
				18EB74FF2354621C00E16766 /* TableView */,
				18EB750C2354621C00E16766 /* CollectionView */,
				18EB751C2354621C00E16766 /* TextiField */,
				18EB75282354621C00E16766 /* Button */,
				18EB75342354621C00E16766 /* HUD */,
				18EB75162354621C00E16766 /* PopView */,
				18EB750B2354621C00E16766 /* BaseScrollView.h */,
				18EB752F2354621C00E16766 /* BaseScrollView.m */,
				18EB751A2354621C00E16766 /* DashLineView.h */,
				18EB75322354621C00E16766 /* DashLineView.m */,
				18EB750A2354621C00E16766 /* XAlertView.h */,
				18EB751B2354621C00E16766 /* XAlertView.m */,
			);
			path = View;
			sourceTree = "<group>";
		};
		18EB74FF2354621C00E16766 /* TableView */ = {
			isa = PBXGroup;
			children = (
				18EB75072354621C00E16766 /* BaseTableView.h */,
				18EB75042354621C00E16766 /* BaseTableView.m */,
				18EB75A323546CAF00E16766 /* NoDataCustomeView.h */,
				18EB75A223546CAF00E16766 /* NoDataCustomeView.m */,
				18EB75A523546CD500E16766 /* NoDataView.h */,
				18EB75A623546CD600E16766 /* NoDataView.m */,
			);
			path = TableView;
			sourceTree = "<group>";
		};
		18EB750C2354621C00E16766 /* CollectionView */ = {
			isa = PBXGroup;
			children = (
				18EB750D2354621C00E16766 /* BaseCollectionView.h */,
				18EB750F2354621C00E16766 /* BaseCollectionView.m */,
				18EB750E2354621C00E16766 /* BaseCollectionViewFlowLayout.h */,
				18EB75102354621C00E16766 /* BaseCollectionViewFlowLayout.m */,
			);
			path = CollectionView;
			sourceTree = "<group>";
		};
		18EB75162354621C00E16766 /* PopView */ = {
			isa = PBXGroup;
			children = (
				18EB75172354621C00E16766 /* BasePopView.h */,
				18EB75182354621C00E16766 /* BasePopView.m */,
			);
			path = PopView;
			sourceTree = "<group>";
		};
		18EB751C2354621C00E16766 /* TextiField */ = {
			isa = PBXGroup;
			children = (
				18EB751F2354621C00E16766 /* BaseTextField.h */,
				18EB75242354621C00E16766 /* BaseTextField.m */,
				18EB751D2354621C00E16766 /* BaseTextView.h */,
				18EB75232354621C00E16766 /* BaseTextView.m */,
			);
			path = TextiField;
			sourceTree = "<group>";
		};
		18EB75282354621C00E16766 /* Button */ = {
			isa = PBXGroup;
			children = (
				18EB75292354621C00E16766 /* BaseButton.h */,
				18EB752C2354621C00E16766 /* BaseButton.m */,
				18EB752B2354621C00E16766 /* RoundEndPointButton.h */,
				18EB752D2354621C00E16766 /* RoundEndPointButton.m */,
				18EB752E2354621C00E16766 /* CountDownButton.h */,
				18EB752A2354621C00E16766 /* CountDownButton.m */,
			);
			path = Button;
			sourceTree = "<group>";
		};
		18EB75342354621C00E16766 /* HUD */ = {
			isa = PBXGroup;
			children = (
				18EB75362354621C00E16766 /* SVProgressHUD_category */,
				18EB75352354621C00E16766 /* HUD.h */,
				18EB753A2354621C00E16766 /* HUD.m */,
			);
			path = HUD;
			sourceTree = "<group>";
		};
		18EB75362354621C00E16766 /* SVProgressHUD_category */ = {
			isa = PBXGroup;
			children = (
				18EB75372354621C00E16766 /* UIImage+GIFImage.m */,
				18EB75382354621C00E16766 /* SVProgressHUD_Extension.h */,
				18EB75392354621C00E16766 /* UIImage+GIFImage.h */,
			);
			path = SVProgressHUD_category;
			sourceTree = "<group>";
		};
		18EB75A823546F4B00E16766 /* Interface */ = {
			isa = PBXGroup;
			children = (
				18EB75D223546F4B00E16766 /* InterfaceBase */,
			);
			path = Interface;
			sourceTree = "<group>";
		};
		18EB75D223546F4B00E16766 /* InterfaceBase */ = {
			isa = PBXGroup;
			children = (
				18EB75E323546F4B00E16766 /* DataInterface.h */,
				18EB75D323546F4B00E16766 /* DataInterface.m */,
				18EB75D423546F4B00E16766 /* DataService */,
			);
			path = InterfaceBase;
			sourceTree = "<group>";
		};
		18EB75D423546F4B00E16766 /* DataService */ = {
			isa = PBXGroup;
			children = (
				18EB75D523546F4B00E16766 /* DataServiceInternal.h */,
				18EB75D823546F4B00E16766 /* DataService.h */,
				18EB75E223546F4B00E16766 /* DataService.m */,
				18EB75D723546F4B00E16766 /* DataService+DataServiceInternal.h */,
				18EB75DA23546F4B00E16766 /* DataService+DataServiceInternal.m */,
				18EB75D623546F4B00E16766 /* HttpSessionManager.h */,
				18EB75D923546F4B00E16766 /* HttpSessionManager.m */,
				18EB75DB23546F4B00E16766 /* model */,
			);
			path = DataService;
			sourceTree = "<group>";
		};
		18EB75DB23546F4B00E16766 /* model */ = {
			isa = PBXGroup;
			children = (
				18EB75FD2354710200E16766 /* User.h */,
				18EB75FE2354710300E16766 /* User.m */,
				18EB75DF23546F4B00E16766 /* LoginInfo.h */,
				18EB75DC23546F4B00E16766 /* LoginInfo.m */,
				18EB75DE23546F4B00E16766 /* DataServiceResponseModel.h */,
				18EB75E023546F4B00E16766 /* DataServiceResponseModel.m */,
				18EB75DD23546F4B00E16766 /* DataServiceCompletionModel.h */,
				18EB75E123546F4B00E16766 /* DataServiceCompletionModel.m */,
			);
			path = model;
			sourceTree = "<group>";
		};
		EA40252FFA041C8981BF7D91 /* Frameworks */ = {
			isa = PBXGroup;
			children = (
				9D652B78D8C1878E17971A75 /* Pods_BaseProject.framework */,
				53CD286B1DDD2DEF0D0FA7DC /* Pods_BaseProject_BaseProjectUITests.framework */,
				2E384E94C4DF039DE20D80FE /* Pods_BaseProjectTests.framework */,
			);
			name = Frameworks;
			sourceTree = "<group>";
		};
		EDABF3722A92290EA3F33EA8 /* Pods */ = {
			isa = PBXGroup;
			children = (
				42C40644C7DBA1DC694778A6 /* Pods-BaseProject.debug.xcconfig */,
				2150213A84609150BBECBC3F /* Pods-BaseProject.release.xcconfig */,
				437E0624D30EF44A54AEC655 /* Pods-BaseProject-BaseProjectUITests.debug.xcconfig */,
				68AC179D9E7EB231612C38A9 /* Pods-BaseProject-BaseProjectUITests.release.xcconfig */,
				93F2A20CFD5C2C3001DF8C79 /* Pods-BaseProjectTests.debug.xcconfig */,
				DD692CBDC3C5EC282E9F9955 /* Pods-BaseProjectTests.release.xcconfig */,
			);
			path = Pods;
			sourceTree = "<group>";
		};
/* End PBXGroup section */

/* Begin PBXNativeTarget section */
		1845DF642351B01C0069AA1D /* BaseProject */ = {
			isa = PBXNativeTarget;
			buildConfigurationList = 1845DF942351B01E0069AA1D /* Build configuration list for PBXNativeTarget "BaseProject" */;
			buildPhases = (
				1096FD0467890657B9DF48EF /* [CP] Check Pods Manifest.lock */,
				1845DF612351B01C0069AA1D /* Sources */,
				1845DF622351B01C0069AA1D /* Frameworks */,
				1845DF632351B01C0069AA1D /* Resources */,
				771AC121F50CC2DD31A4D899 /* [CP] Embed Pods Frameworks */,
			);
			buildRules = (
			);
			dependencies = (
			);
			name = BaseProject;
			productName = BaseProject;
			productReference = 1845DF652351B01C0069AA1D /* BaseProject.app */;
			productType = "com.apple.product-type.application";
		};
		1845DF7F2351B01E0069AA1D /* BaseProjectTests */ = {
			isa = PBXNativeTarget;
			buildConfigurationList = 1845DF972351B01E0069AA1D /* Build configuration list for PBXNativeTarget "BaseProjectTests" */;
			buildPhases = (
				688F63B24491B01D8EA962D0 /* [CP] Check Pods Manifest.lock */,
				1845DF7C2351B01E0069AA1D /* Sources */,
				1845DF7D2351B01E0069AA1D /* Frameworks */,
				1845DF7E2351B01E0069AA1D /* Resources */,
			);
			buildRules = (
			);
			dependencies = (
				1845DF822351B01E0069AA1D /* PBXTargetDependency */,
			);
			name = BaseProjectTests;
			productName = BaseProjectTests;
			productReference = 1845DF802351B01E0069AA1D /* BaseProjectTests.xctest */;
			productType = "com.apple.product-type.bundle.unit-test";
		};
		1845DF8A2351B01E0069AA1D /* BaseProjectUITests */ = {
			isa = PBXNativeTarget;
			buildConfigurationList = 1845DF9A2351B01E0069AA1D /* Build configuration list for PBXNativeTarget "BaseProjectUITests" */;
			buildPhases = (
				38DD42DC89182B0D0F1346CA /* [CP] Check Pods Manifest.lock */,
				1845DF872351B01E0069AA1D /* Sources */,
				1845DF882351B01E0069AA1D /* Frameworks */,
				1845DF892351B01E0069AA1D /* Resources */,
				DA6A7052E895ECAE90228A80 /* [CP] Embed Pods Frameworks */,
			);
			buildRules = (
			);
			dependencies = (
				1845DF8D2351B01E0069AA1D /* PBXTargetDependency */,
			);
			name = BaseProjectUITests;
			productName = BaseProjectUITests;
			productReference = 1845DF8B2351B01E0069AA1D /* BaseProjectUITests.xctest */;
			productType = "com.apple.product-type.bundle.ui-testing";
		};
/* End PBXNativeTarget section */

/* Begin PBXProject section */
		1845DF5D2351B01C0069AA1D /* Project object */ = {
			isa = PBXProject;
			attributes = {
				LastUpgradeCheck = 1110;
				ORGANIZATIONNAME = shawnhans;
				TargetAttributes = {
					1845DF642351B01C0069AA1D = {
						CreatedOnToolsVersion = 11.1;
					};
					1845DF7F2351B01E0069AA1D = {
						CreatedOnToolsVersion = 11.1;
						TestTargetID = 1845DF642351B01C0069AA1D;
					};
					1845DF8A2351B01E0069AA1D = {
						CreatedOnToolsVersion = 11.1;
						TestTargetID = 1845DF642351B01C0069AA1D;
					};
				};
			};
			buildConfigurationList = 1845DF602351B01C0069AA1D /* Build configuration list for PBXProject "BaseProject" */;
			compatibilityVersion = "Xcode 9.3";
			developmentRegion = en;
			hasScannedForEncodings = 0;
			knownRegions = (
				en,
				Base,
			);
			mainGroup = 1845DF5C2351B01C0069AA1D;
			productRefGroup = 1845DF662351B01C0069AA1D /* Products */;
			projectDirPath = "";
			projectRoot = "";
			targets = (
				1845DF642351B01C0069AA1D /* BaseProject */,
				1845DF7F2351B01E0069AA1D /* BaseProjectTests */,
				1845DF8A2351B01E0069AA1D /* BaseProjectUITests */,
			);
		};
/* End PBXProject section */

/* Begin PBXResourcesBuildPhase section */
		1845DF632351B01C0069AA1D /* Resources */ = {
			isa = PBXResourcesBuildPhase;
			buildActionMask = 2147483647;
			files = (
				18EB73E62354119300E16766 /* Main.storyboard in Resources */,
				18EB73E42354119300E16766 /* Assets.xcassets in Resources */,
				18EB73E52354119300E16766 /* LaunchScreen.storyboard in Resources */,
			);
			runOnlyForDeploymentPostprocessing = 0;
		};
		1845DF7E2351B01E0069AA1D /* Resources */ = {
			isa = PBXResourcesBuildPhase;
			buildActionMask = 2147483647;
			files = (
			);
			runOnlyForDeploymentPostprocessing = 0;
		};
		1845DF892351B01E0069AA1D /* Resources */ = {
			isa = PBXResourcesBuildPhase;
			buildActionMask = 2147483647;
			files = (
			);
			runOnlyForDeploymentPostprocessing = 0;
		};
/* End PBXResourcesBuildPhase section */

/* Begin PBXShellScriptBuildPhase section */
		1096FD0467890657B9DF48EF /* [CP] Check Pods Manifest.lock */ = {
			isa = PBXShellScriptBuildPhase;
			buildActionMask = 2147483647;
			files = (
			);
			inputFileListPaths = (
			);
			inputPaths = (
				"${PODS_PODFILE_DIR_PATH}/Podfile.lock",
				"${PODS_ROOT}/Manifest.lock",
			);
			name = "[CP] Check Pods Manifest.lock";
			outputFileListPaths = (
			);
			outputPaths = (
				"$(DERIVED_FILE_DIR)/Pods-BaseProject-checkManifestLockResult.txt",
			);
			runOnlyForDeploymentPostprocessing = 0;
			shellPath = /bin/sh;
			shellScript = "diff \"${PODS_PODFILE_DIR_PATH}/Podfile.lock\" \"${PODS_ROOT}/Manifest.lock\" > /dev/null\nif [ $? != 0 ] ; then\n    # print error to STDERR\n    echo \"error: The sandbox is not in sync with the Podfile.lock. Run 'pod install' or update your CocoaPods installation.\" >&2\n    exit 1\nfi\n# This output is used by Xcode 'outputs' to avoid re-running this script phase.\necho \"SUCCESS\" > \"${SCRIPT_OUTPUT_FILE_0}\"\n";
			showEnvVarsInLog = 0;
		};
		38DD42DC89182B0D0F1346CA /* [CP] Check Pods Manifest.lock */ = {
			isa = PBXShellScriptBuildPhase;
			buildActionMask = 2147483647;
			files = (
			);
			inputFileListPaths = (
			);
			inputPaths = (
				"${PODS_PODFILE_DIR_PATH}/Podfile.lock",
				"${PODS_ROOT}/Manifest.lock",
			);
			name = "[CP] Check Pods Manifest.lock";
			outputFileListPaths = (
			);
			outputPaths = (
				"$(DERIVED_FILE_DIR)/Pods-BaseProject-BaseProjectUITests-checkManifestLockResult.txt",
			);
			runOnlyForDeploymentPostprocessing = 0;
			shellPath = /bin/sh;
			shellScript = "diff \"${PODS_PODFILE_DIR_PATH}/Podfile.lock\" \"${PODS_ROOT}/Manifest.lock\" > /dev/null\nif [ $? != 0 ] ; then\n    # print error to STDERR\n    echo \"error: The sandbox is not in sync with the Podfile.lock. Run 'pod install' or update your CocoaPods installation.\" >&2\n    exit 1\nfi\n# This output is used by Xcode 'outputs' to avoid re-running this script phase.\necho \"SUCCESS\" > \"${SCRIPT_OUTPUT_FILE_0}\"\n";
			showEnvVarsInLog = 0;
		};
		688F63B24491B01D8EA962D0 /* [CP] Check Pods Manifest.lock */ = {
			isa = PBXShellScriptBuildPhase;
			buildActionMask = 2147483647;
			files = (
			);
			inputFileListPaths = (
			);
			inputPaths = (
				"${PODS_PODFILE_DIR_PATH}/Podfile.lock",
				"${PODS_ROOT}/Manifest.lock",
			);
			name = "[CP] Check Pods Manifest.lock";
			outputFileListPaths = (
			);
			outputPaths = (
				"$(DERIVED_FILE_DIR)/Pods-BaseProjectTests-checkManifestLockResult.txt",
			);
			runOnlyForDeploymentPostprocessing = 0;
			shellPath = /bin/sh;
			shellScript = "diff \"${PODS_PODFILE_DIR_PATH}/Podfile.lock\" \"${PODS_ROOT}/Manifest.lock\" > /dev/null\nif [ $? != 0 ] ; then\n    # print error to STDERR\n    echo \"error: The sandbox is not in sync with the Podfile.lock. Run 'pod install' or update your CocoaPods installation.\" >&2\n    exit 1\nfi\n# This output is used by Xcode 'outputs' to avoid re-running this script phase.\necho \"SUCCESS\" > \"${SCRIPT_OUTPUT_FILE_0}\"\n";
			showEnvVarsInLog = 0;
		};
		771AC121F50CC2DD31A4D899 /* [CP] Embed Pods Frameworks */ = {
			isa = PBXShellScriptBuildPhase;
			buildActionMask = 2147483647;
			files = (
			);
			inputFileListPaths = (
				"${PODS_ROOT}/Target Support Files/Pods-BaseProject/Pods-BaseProject-frameworks-${CONFIGURATION}-input-files.xcfilelist",
			);
			name = "[CP] Embed Pods Frameworks";
			outputFileListPaths = (
				"${PODS_ROOT}/Target Support Files/Pods-BaseProject/Pods-BaseProject-frameworks-${CONFIGURATION}-output-files.xcfilelist",
			);
			runOnlyForDeploymentPostprocessing = 0;
			shellPath = /bin/sh;
			shellScript = "\"${PODS_ROOT}/Target Support Files/Pods-BaseProject/Pods-BaseProject-frameworks.sh\"\n";
			showEnvVarsInLog = 0;
		};
		DA6A7052E895ECAE90228A80 /* [CP] Embed Pods Frameworks */ = {
			isa = PBXShellScriptBuildPhase;
			buildActionMask = 2147483647;
			files = (
			);
			inputFileListPaths = (
				"${PODS_ROOT}/Target Support Files/Pods-BaseProject-BaseProjectUITests/Pods-BaseProject-BaseProjectUITests-frameworks-${CONFIGURATION}-input-files.xcfilelist",
			);
			name = "[CP] Embed Pods Frameworks";
			outputFileListPaths = (
				"${PODS_ROOT}/Target Support Files/Pods-BaseProject-BaseProjectUITests/Pods-BaseProject-BaseProjectUITests-frameworks-${CONFIGURATION}-output-files.xcfilelist",
			);
			runOnlyForDeploymentPostprocessing = 0;
			shellPath = /bin/sh;
			shellScript = "\"${PODS_ROOT}/Target Support Files/Pods-BaseProject-BaseProjectUITests/Pods-BaseProject-BaseProjectUITests-frameworks.sh\"\n";
			showEnvVarsInLog = 0;
		};
/* End PBXShellScriptBuildPhase section */

/* Begin PBXSourcesBuildPhase section */
		1845DF612351B01C0069AA1D /* Sources */ = {
			isa = PBXSourcesBuildPhase;
			buildActionMask = 2147483647;
			files = (
				18EB73EB235414D000E16766 /* Config.m in Sources */,
				18EB743D2354604800E16766 /* UITableViewCell+UI.m in Sources */,
				18EB759A2354621D00E16766 /* UIImage+GIFImage.m in Sources */,
				18EB75802354621D00E16766 /* BaseYYModel.m in Sources */,
				18EB74152354241F00E16766 /* NSString+Size.m in Sources */,
				18EB743C2354604800E16766 /* UITableView+Utils.m in Sources */,
				18EB740023541B4700E16766 /* QSThreadSafeMutableArray.m in Sources */,
				18EB74212354514B00E16766 /* NSMutableAttributedString+Utils.m in Sources */,
				18EB74422354607500E16766 /* UITextField+Utils.m in Sources */,
				18EB759E2354663500E16766 /* UITextField+Restrict.m in Sources */,
				18EB75F823546F4B00E16766 /* DataService+DataServiceInternal.m in Sources */,
				18EB75FC23546F4B00E16766 /* DataService.m in Sources */,
				18EB75572354621D00E16766 /* AudioManager.m in Sources */,
				18EB75542354621D00E16766 /* LocationManager.m in Sources */,
				18EB759B2354621D00E16766 /* HUD.m in Sources */,
				18EB757E2354621D00E16766 /* ViewControllerJumpManager.m in Sources */,
				18EB75742354621D00E16766 /* AuthorizationTool.m in Sources */,
				18EB75562354621D00E16766 /* PublicFunction.m in Sources */,
				18EB743F2354604800E16766 /* UICollectionView+Utils.m in Sources */,
				18EB757C2354621D00E16766 /* WebViewController.m in Sources */,
				18EB75F723546F4B00E16766 /* HttpSessionManager.m in Sources */,
				18EB75962354621D00E16766 /* RoundEndPointButton.m in Sources */,
				18EB75FF2354710300E16766 /* User.m in Sources */,
				18EB75FB23546F4B00E16766 /* DataServiceCompletionModel.m in Sources */,
				18EB75A12354665D00E16766 /* TextRestrict.m in Sources */,
				18EB75892354621D00E16766 /* BaseCollectionViewFlowLayout.m in Sources */,
				18EB757D2354621D00E16766 /* WKWebView+Utils.m in Sources */,
				18EB75972354621D00E16766 /* BaseScrollView.m in Sources */,
				18EB7412235423C600E16766 /* NSString+Handle.m in Sources */,
				18EB758E2354621D00E16766 /* XAlertView.m in Sources */,
				18EB741B2354511E00E16766 /* NSDate+Utils.m in Sources */,
				18EB75952354621D00E16766 /* BaseButton.m in Sources */,
				18EB73DC2354116500E16766 /* AppDelegate.m in Sources */,
				18EB7427235453D000E16766 /* NSObject+Util.m in Sources */,
				18EB7411235423C600E16766 /* NSString+Date.m in Sources */,
				18EB74182354287700E16766 /* NSString+Number.m in Sources */,
				18EB74242354539600E16766 /* NSDictionary+Accessors.m in Sources */,
				1845DF702351B01C0069AA1D /* ViewController.m in Sources */,
				18EB743323545F7F00E16766 /* UIButton+Utils.m in Sources */,
				18EB757B2354621D00E16766 /* ConfirmAlertController.m in Sources */,
				18EB75852354621D00E16766 /* BaseTableView.m in Sources */,
				18EB757A2354621D00E16766 /* BaseViewController.m in Sources */,
				18EB75F623546F4B00E16766 /* DataInterface.m in Sources */,
				18EB743E2354604800E16766 /* UIStackView+Utils.m in Sources */,
				18EB742A235455E900E16766 /* UIViewController+Utils.m in Sources */,
				18EB73FE23541B4700E16766 /* QSThreadSafeMutableDictionary.m in Sources */,
				18EB73FF23541B4700E16766 /* QSThreadSafeCounter.m in Sources */,
				18EB75F923546F4B00E16766 /* LoginInfo.m in Sources */,
				18EB75A723546CD600E16766 /* NoDataView.m in Sources */,
				18EB75A423546CAF00E16766 /* NoDataCustomeView.m in Sources */,
				18EB744E235460E900E16766 /* NSString+IP.m in Sources */,
				18EB75942354621D00E16766 /* CountDownButton.m in Sources */,
				18EB73DB2354116500E16766 /* main.m in Sources */,
				18EB75912354621D00E16766 /* BaseTextField.m in Sources */,
				18EB75752354621D00E16766 /* DeviceAuthorizationHelper.m in Sources */,
				18EB7449235460E200E16766 /* GCDTimerManager.m in Sources */,
				18EB758C2354621D00E16766 /* BasePopView.m in Sources */,
				18EB75992354621D00E16766 /* DashLineView.m in Sources */,
				18EB75882354621D00E16766 /* BaseCollectionView.m in Sources */,
				18EB740523541B8F00E16766 /* Reachability.m in Sources */,
				18EB73DA2354116500E16766 /* SceneDelegate.m in Sources */,
				18EB742D23545AC500E16766 /* UIView+Utils.m in Sources */,
				18EB75FA23546F4B00E16766 /* DataServiceResponseModel.m in Sources */,
				18EB75902354621D00E16766 /* BaseTextView.m in Sources */,
				18EB743023545B0100E16766 /* UIScrollView+Refresh.m in Sources */,
				18EB740623541B8F00E16766 /* CheckInput.m in Sources */,
			);
			runOnlyForDeploymentPostprocessing = 0;
		};
		1845DF7C2351B01E0069AA1D /* Sources */ = {
			isa = PBXSourcesBuildPhase;
			buildActionMask = 2147483647;
			files = (
				1845DF852351B01E0069AA1D /* BaseProjectTests.m in Sources */,
			);
			runOnlyForDeploymentPostprocessing = 0;
		};
		1845DF872351B01E0069AA1D /* Sources */ = {
			isa = PBXSourcesBuildPhase;
			buildActionMask = 2147483647;
			files = (
				1845DF902351B01E0069AA1D /* BaseProjectUITests.m in Sources */,
			);
			runOnlyForDeploymentPostprocessing = 0;
		};
/* End PBXSourcesBuildPhase section */

/* Begin PBXTargetDependency section */
		1845DF822351B01E0069AA1D /* PBXTargetDependency */ = {
			isa = PBXTargetDependency;
			target = 1845DF642351B01C0069AA1D /* BaseProject */;
			targetProxy = 1845DF812351B01E0069AA1D /* PBXContainerItemProxy */;
		};
		1845DF8D2351B01E0069AA1D /* PBXTargetDependency */ = {
			isa = PBXTargetDependency;
			target = 1845DF642351B01C0069AA1D /* BaseProject */;
			targetProxy = 1845DF8C2351B01E0069AA1D /* PBXContainerItemProxy */;
		};
/* End PBXTargetDependency section */

/* Begin PBXVariantGroup section */
		18EB73DF2354119300E16766 /* LaunchScreen.storyboard */ = {
			isa = PBXVariantGroup;
			children = (
				18EB73E02354119300E16766 /* Base */,
			);
			name = LaunchScreen.storyboard;
			sourceTree = "<group>";
		};
		18EB73E12354119300E16766 /* Main.storyboard */ = {
			isa = PBXVariantGroup;
			children = (
				18EB73E22354119300E16766 /* Base */,
			);
			name = Main.storyboard;
			sourceTree = "<group>";
		};
/* End PBXVariantGroup section */

/* Begin XCBuildConfiguration section */
		1845DF922351B01E0069AA1D /* Debug */ = {
			isa = XCBuildConfiguration;
			buildSettings = {
				ALWAYS_SEARCH_USER_PATHS = NO;
				CLANG_ANALYZER_NONNULL = YES;
				CLANG_ANALYZER_NUMBER_OBJECT_CONVERSION = YES_AGGRESSIVE;
				CLANG_CXX_LANGUAGE_STANDARD = "gnu++14";
				CLANG_CXX_LIBRARY = "libc++";
				CLANG_ENABLE_MODULES = YES;
				CLANG_ENABLE_OBJC_ARC = YES;
				CLANG_ENABLE_OBJC_WEAK = YES;
				CLANG_WARN_BLOCK_CAPTURE_AUTORELEASING = YES;
				CLANG_WARN_BOOL_CONVERSION = YES;
				CLANG_WARN_COMMA = YES;
				CLANG_WARN_CONSTANT_CONVERSION = YES;
				CLANG_WARN_DEPRECATED_OBJC_IMPLEMENTATIONS = YES;
				CLANG_WARN_DIRECT_OBJC_ISA_USAGE = YES_ERROR;
				CLANG_WARN_DOCUMENTATION_COMMENTS = YES;
				CLANG_WARN_EMPTY_BODY = YES;
				CLANG_WARN_ENUM_CONVERSION = YES;
				CLANG_WARN_INFINITE_RECURSION = YES;
				CLANG_WARN_INT_CONVERSION = YES;
				CLANG_WARN_NON_LITERAL_NULL_CONVERSION = YES;
				CLANG_WARN_OBJC_IMPLICIT_RETAIN_SELF = YES;
				CLANG_WARN_OBJC_LITERAL_CONVERSION = YES;
				CLANG_WARN_OBJC_ROOT_CLASS = YES_ERROR;
				CLANG_WARN_RANGE_LOOP_ANALYSIS = YES;
				CLANG_WARN_STRICT_PROTOTYPES = YES;
				CLANG_WARN_SUSPICIOUS_MOVE = YES;
				CLANG_WARN_UNGUARDED_AVAILABILITY = YES_AGGRESSIVE;
				CLANG_WARN_UNREACHABLE_CODE = YES;
				CLANG_WARN__DUPLICATE_METHOD_MATCH = YES;
				COPY_PHASE_STRIP = NO;
				DEBUG_INFORMATION_FORMAT = dwarf;
				ENABLE_STRICT_OBJC_MSGSEND = YES;
				ENABLE_TESTABILITY = YES;
				GCC_C_LANGUAGE_STANDARD = gnu11;
				GCC_DYNAMIC_NO_PIC = NO;
				GCC_NO_COMMON_BLOCKS = YES;
				GCC_OPTIMIZATION_LEVEL = 0;
				GCC_PREPROCESSOR_DEFINITIONS = (
					"DEBUG=1",
					"$(inherited)",
				);
				GCC_WARN_64_TO_32_BIT_CONVERSION = YES;
				GCC_WARN_ABOUT_RETURN_TYPE = YES_ERROR;
				GCC_WARN_UNDECLARED_SELECTOR = YES;
				GCC_WARN_UNINITIALIZED_AUTOS = YES_AGGRESSIVE;
				GCC_WARN_UNUSED_FUNCTION = YES;
				GCC_WARN_UNUSED_VARIABLE = YES;
				IPHONEOS_DEPLOYMENT_TARGET = 13.1;
				MTL_ENABLE_DEBUG_INFO = INCLUDE_SOURCE;
				MTL_FAST_MATH = YES;
				ONLY_ACTIVE_ARCH = YES;
				SDKROOT = iphoneos;
			};
			name = Debug;
		};
		1845DF932351B01E0069AA1D /* Release */ = {
			isa = XCBuildConfiguration;
			buildSettings = {
				ALWAYS_SEARCH_USER_PATHS = NO;
				CLANG_ANALYZER_NONNULL = YES;
				CLANG_ANALYZER_NUMBER_OBJECT_CONVERSION = YES_AGGRESSIVE;
				CLANG_CXX_LANGUAGE_STANDARD = "gnu++14";
				CLANG_CXX_LIBRARY = "libc++";
				CLANG_ENABLE_MODULES = YES;
				CLANG_ENABLE_OBJC_ARC = YES;
				CLANG_ENABLE_OBJC_WEAK = YES;
				CLANG_WARN_BLOCK_CAPTURE_AUTORELEASING = YES;
				CLANG_WARN_BOOL_CONVERSION = YES;
				CLANG_WARN_COMMA = YES;
				CLANG_WARN_CONSTANT_CONVERSION = YES;
				CLANG_WARN_DEPRECATED_OBJC_IMPLEMENTATIONS = YES;
				CLANG_WARN_DIRECT_OBJC_ISA_USAGE = YES_ERROR;
				CLANG_WARN_DOCUMENTATION_COMMENTS = YES;
				CLANG_WARN_EMPTY_BODY = YES;
				CLANG_WARN_ENUM_CONVERSION = YES;
				CLANG_WARN_INFINITE_RECURSION = YES;
				CLANG_WARN_INT_CONVERSION = YES;
				CLANG_WARN_NON_LITERAL_NULL_CONVERSION = YES;
				CLANG_WARN_OBJC_IMPLICIT_RETAIN_SELF = YES;
				CLANG_WARN_OBJC_LITERAL_CONVERSION = YES;
				CLANG_WARN_OBJC_ROOT_CLASS = YES_ERROR;
				CLANG_WARN_RANGE_LOOP_ANALYSIS = YES;
				CLANG_WARN_STRICT_PROTOTYPES = YES;
				CLANG_WARN_SUSPICIOUS_MOVE = YES;
				CLANG_WARN_UNGUARDED_AVAILABILITY = YES_AGGRESSIVE;
				CLANG_WARN_UNREACHABLE_CODE = YES;
				CLANG_WARN__DUPLICATE_METHOD_MATCH = YES;
				COPY_PHASE_STRIP = NO;
				DEBUG_INFORMATION_FORMAT = "dwarf-with-dsym";
				ENABLE_NS_ASSERTIONS = NO;
				ENABLE_STRICT_OBJC_MSGSEND = YES;
				GCC_C_LANGUAGE_STANDARD = gnu11;
				GCC_NO_COMMON_BLOCKS = YES;
				GCC_WARN_64_TO_32_BIT_CONVERSION = YES;
				GCC_WARN_ABOUT_RETURN_TYPE = YES_ERROR;
				GCC_WARN_UNDECLARED_SELECTOR = YES;
				GCC_WARN_UNINITIALIZED_AUTOS = YES_AGGRESSIVE;
				GCC_WARN_UNUSED_FUNCTION = YES;
				GCC_WARN_UNUSED_VARIABLE = YES;
				IPHONEOS_DEPLOYMENT_TARGET = 13.1;
				MTL_ENABLE_DEBUG_INFO = NO;
				MTL_FAST_MATH = YES;
				SDKROOT = iphoneos;
				VALIDATE_PRODUCT = YES;
			};
			name = Release;
		};
		1845DF952351B01E0069AA1D /* Debug */ = {
			isa = XCBuildConfiguration;
			baseConfigurationReference = 42C40644C7DBA1DC694778A6 /* Pods-BaseProject.debug.xcconfig */;
			buildSettings = {
				ASSETCATALOG_COMPILER_APPICON_NAME = AppIcon;
				CODE_SIGN_STYLE = Automatic;
				DEVELOPMENT_TEAM = 9H9JD2FE9G;
				FRAMEWORK_SEARCH_PATHS = (
					"$(inherited)",
					"$(PROJECT_DIR)/BaseProject/BaseClass/PublicTools/Pay/AlipaySDK",
				);
				GCC_PREFIX_HEADER = "$(SRCROOT)/BaseProject/Macro/BaseProject-Prefix.h";
				INFOPLIST_EXPAND_BUILD_SETTINGS = YES;
				INFOPLIST_FILE = "$(SRCROOT)/BaseProject/Resource/Info.plist";
				IPHONEOS_DEPLOYMENT_TARGET = 9.0;
				LD_RUNPATH_SEARCH_PATHS = (
					"$(inherited)",
					"@executable_path/Frameworks",
				);
				LIBRARY_SEARCH_PATHS = (
					"$(inherited)",
					"$(PROJECT_DIR)/BaseProject/BaseClass/PublicTools/Pay/UPPaymentControl",
				);
				PRODUCT_BUNDLE_IDENTIFIER = com.shawnhans.baseproject.BaseProject;
				PRODUCT_NAME = "$(TARGET_NAME)";
				TARGETED_DEVICE_FAMILY = 1;
			};
			name = Debug;
		};
		1845DF962351B01E0069AA1D /* Release */ = {
			isa = XCBuildConfiguration;
			baseConfigurationReference = 2150213A84609150BBECBC3F /* Pods-BaseProject.release.xcconfig */;
			buildSettings = {
				ASSETCATALOG_COMPILER_APPICON_NAME = AppIcon;
				CODE_SIGN_STYLE = Automatic;
				DEVELOPMENT_TEAM = 9H9JD2FE9G;
				FRAMEWORK_SEARCH_PATHS = (
					"$(inherited)",
					"$(PROJECT_DIR)/BaseProject/BaseClass/PublicTools/Pay/AlipaySDK",
				);
				GCC_PREFIX_HEADER = "$(SRCROOT)/BaseProject/Macro/BaseProject-Prefix.h";
				INFOPLIST_EXPAND_BUILD_SETTINGS = YES;
				INFOPLIST_FILE = "$(SRCROOT)/BaseProject/Resource/Info.plist";
				IPHONEOS_DEPLOYMENT_TARGET = 9.0;
				LD_RUNPATH_SEARCH_PATHS = (
					"$(inherited)",
					"@executable_path/Frameworks",
				);
				LIBRARY_SEARCH_PATHS = (
					"$(inherited)",
					"$(PROJECT_DIR)/BaseProject/BaseClass/PublicTools/Pay/UPPaymentControl",
				);
				PRODUCT_BUNDLE_IDENTIFIER = com.shawnhans.baseproject.BaseProject;
				PRODUCT_NAME = "$(TARGET_NAME)";
				TARGETED_DEVICE_FAMILY = 1;
			};
			name = Release;
		};
		1845DF982351B01E0069AA1D /* Debug */ = {
			isa = XCBuildConfiguration;
			baseConfigurationReference = 93F2A20CFD5C2C3001DF8C79 /* Pods-BaseProjectTests.debug.xcconfig */;
			buildSettings = {
				BUNDLE_LOADER = "$(TEST_HOST)";
				CODE_SIGN_STYLE = Automatic;
				DEVELOPMENT_TEAM = 9H9JD2FE9G;
				INFOPLIST_FILE = BaseProjectTests/Info.plist;
				IPHONEOS_DEPLOYMENT_TARGET = 13.1;
				LD_RUNPATH_SEARCH_PATHS = (
					"$(inherited)",
					"@executable_path/Frameworks",
					"@loader_path/Frameworks",
				);
				PRODUCT_BUNDLE_IDENTIFIER = com.shawnhans.baseproject.BaseProjectTests;
				PRODUCT_NAME = "$(TARGET_NAME)";
				TARGETED_DEVICE_FAMILY = "1,2";
				TEST_HOST = "$(BUILT_PRODUCTS_DIR)/BaseProject.app/BaseProject";
			};
			name = Debug;
		};
		1845DF992351B01E0069AA1D /* Release */ = {
			isa = XCBuildConfiguration;
			baseConfigurationReference = DD692CBDC3C5EC282E9F9955 /* Pods-BaseProjectTests.release.xcconfig */;
			buildSettings = {
				BUNDLE_LOADER = "$(TEST_HOST)";
				CODE_SIGN_STYLE = Automatic;
				DEVELOPMENT_TEAM = 9H9JD2FE9G;
				INFOPLIST_FILE = BaseProjectTests/Info.plist;
				IPHONEOS_DEPLOYMENT_TARGET = 13.1;
				LD_RUNPATH_SEARCH_PATHS = (
					"$(inherited)",
					"@executable_path/Frameworks",
					"@loader_path/Frameworks",
				);
				PRODUCT_BUNDLE_IDENTIFIER = com.shawnhans.baseproject.BaseProjectTests;
				PRODUCT_NAME = "$(TARGET_NAME)";
				TARGETED_DEVICE_FAMILY = "1,2";
				TEST_HOST = "$(BUILT_PRODUCTS_DIR)/BaseProject.app/BaseProject";
			};
			name = Release;
		};
		1845DF9B2351B01E0069AA1D /* Debug */ = {
			isa = XCBuildConfiguration;
			baseConfigurationReference = 437E0624D30EF44A54AEC655 /* Pods-BaseProject-BaseProjectUITests.debug.xcconfig */;
			buildSettings = {
				CODE_SIGN_STYLE = Automatic;
				DEVELOPMENT_TEAM = 9H9JD2FE9G;
				INFOPLIST_FILE = BaseProjectUITests/Info.plist;
				LD_RUNPATH_SEARCH_PATHS = (
					"$(inherited)",
					"@executable_path/Frameworks",
					"@loader_path/Frameworks",
				);
				PRODUCT_BUNDLE_IDENTIFIER = com.shawnhans.baseproject.BaseProjectUITests;
				PRODUCT_NAME = "$(TARGET_NAME)";
				TARGETED_DEVICE_FAMILY = "1,2";
				TEST_TARGET_NAME = BaseProject;
			};
			name = Debug;
		};
		1845DF9C2351B01E0069AA1D /* Release */ = {
			isa = XCBuildConfiguration;
			baseConfigurationReference = 68AC179D9E7EB231612C38A9 /* Pods-BaseProject-BaseProjectUITests.release.xcconfig */;
			buildSettings = {
				CODE_SIGN_STYLE = Automatic;
				DEVELOPMENT_TEAM = 9H9JD2FE9G;
				INFOPLIST_FILE = BaseProjectUITests/Info.plist;
				LD_RUNPATH_SEARCH_PATHS = (
					"$(inherited)",
					"@executable_path/Frameworks",
					"@loader_path/Frameworks",
				);
				PRODUCT_BUNDLE_IDENTIFIER = com.shawnhans.baseproject.BaseProjectUITests;
				PRODUCT_NAME = "$(TARGET_NAME)";
				TARGETED_DEVICE_FAMILY = "1,2";
				TEST_TARGET_NAME = BaseProject;
			};
			name = Release;
		};
/* End XCBuildConfiguration section */

/* Begin XCConfigurationList section */
		1845DF602351B01C0069AA1D /* Build configuration list for PBXProject "BaseProject" */ = {
			isa = XCConfigurationList;
			buildConfigurations = (
				1845DF922351B01E0069AA1D /* Debug */,
				1845DF932351B01E0069AA1D /* Release */,
			);
			defaultConfigurationIsVisible = 0;
			defaultConfigurationName = Release;
		};
		1845DF942351B01E0069AA1D /* Build configuration list for PBXNativeTarget "BaseProject" */ = {
			isa = XCConfigurationList;
			buildConfigurations = (
				1845DF952351B01E0069AA1D /* Debug */,
				1845DF962351B01E0069AA1D /* Release */,
			);
			defaultConfigurationIsVisible = 0;
			defaultConfigurationName = Release;
		};
		1845DF972351B01E0069AA1D /* Build configuration list for PBXNativeTarget "BaseProjectTests" */ = {
			isa = XCConfigurationList;
			buildConfigurations = (
				1845DF982351B01E0069AA1D /* Debug */,
				1845DF992351B01E0069AA1D /* Release */,
			);
			defaultConfigurationIsVisible = 0;
			defaultConfigurationName = Release;
		};
		1845DF9A2351B01E0069AA1D /* Build configuration list for PBXNativeTarget "BaseProjectUITests" */ = {
			isa = XCConfigurationList;
			buildConfigurations = (
				1845DF9B2351B01E0069AA1D /* Debug */,
				1845DF9C2351B01E0069AA1D /* Release */,
			);
			defaultConfigurationIsVisible = 0;
			defaultConfigurationName = Release;
		};
/* End XCConfigurationList section */
	};
	rootObject = 1845DF5D2351B01C0069AA1D /* Project object */;
}
